// !$*UTF8*$!
{
	archiveVersion = 1;
	classes = {
	};
	objectVersion = 55;
	objects = {

/* Begin PBXBuildFile section */
		C512DEBC28779F1000162BFB /* WeatherDetailCollectionViewCellViewModel.swift in Sources */ = {isa = PBXBuildFile; fileRef = C512DEBB28779F1000162BFB /* WeatherDetailCollectionViewCellViewModel.swift */; };
		C512DEBD28779F1000162BFB /* WeatherDetailCollectionViewCellViewModel.swift in Sources */ = {isa = PBXBuildFile; fileRef = C512DEBB28779F1000162BFB /* WeatherDetailCollectionViewCellViewModel.swift */; };
		C512DEBE28779F1000162BFB /* WeatherDetailCollectionViewCellViewModel.swift in Sources */ = {isa = PBXBuildFile; fileRef = C512DEBB28779F1000162BFB /* WeatherDetailCollectionViewCellViewModel.swift */; };
		C512DECF2877B10D00162BFB /* WeatherTableViewCellViewModel.swift in Sources */ = {isa = PBXBuildFile; fileRef = C512DECE2877B10D00162BFB /* WeatherTableViewCellViewModel.swift */; };
		C512DED02877B10D00162BFB /* WeatherTableViewCellViewModel.swift in Sources */ = {isa = PBXBuildFile; fileRef = C512DECE2877B10D00162BFB /* WeatherTableViewCellViewModel.swift */; };
		C56BBEEE2863419F001AACA9 /* DailyForecastTableViewCell.swift in Sources */ = {isa = PBXBuildFile; fileRef = C56BBEEC2863419F001AACA9 /* DailyForecastTableViewCell.swift */; };
		C56BBEEF2863419F001AACA9 /* DailyForecastTableViewCell.swift in Sources */ = {isa = PBXBuildFile; fileRef = C56BBEEC2863419F001AACA9 /* DailyForecastTableViewCell.swift */; };
		C56BBEF12863419F001AACA9 /* DailyForecastTableViewCell.xib in Resources */ = {isa = PBXBuildFile; fileRef = C56BBEED2863419F001AACA9 /* DailyForecastTableViewCell.xib */; };
		C56BBEF22863419F001AACA9 /* DailyForecastTableViewCell.xib in Resources */ = {isa = PBXBuildFile; fileRef = C56BBEED2863419F001AACA9 /* DailyForecastTableViewCell.xib */; };
		C56BBEF728635D74001AACA9 /* TheWeatherAppApiTests.swift in Sources */ = {isa = PBXBuildFile; fileRef = C56BBEF628635D74001AACA9 /* TheWeatherAppApiTests.swift */; };
		C56BBF0028636D50001AACA9 /* TheWeatherAppUITests.swift in Sources */ = {isa = PBXBuildFile; fileRef = C56BBEFF28636D50001AACA9 /* TheWeatherAppUITests.swift */; };
		C56BBF0228636D50001AACA9 /* TheWeatherAppUITestsLaunchTests.swift in Sources */ = {isa = PBXBuildFile; fileRef = C56BBF0128636D50001AACA9 /* TheWeatherAppUITestsLaunchTests.swift */; };
		C59D4040285F980F009072C9 /* WeatherTableViewCell.swift in Sources */ = {isa = PBXBuildFile; fileRef = C59D403E285F980F009072C9 /* WeatherTableViewCell.swift */; };
		C59D4041285F980F009072C9 /* WeatherTableViewCell.swift in Sources */ = {isa = PBXBuildFile; fileRef = C59D403E285F980F009072C9 /* WeatherTableViewCell.swift */; };
		C59D4043285F980F009072C9 /* WeatherTableViewCell.xib in Resources */ = {isa = PBXBuildFile; fileRef = C59D403F285F980F009072C9 /* WeatherTableViewCell.xib */; };
		C59D4044285F980F009072C9 /* WeatherTableViewCell.xib in Resources */ = {isa = PBXBuildFile; fileRef = C59D403F285F980F009072C9 /* WeatherTableViewCell.xib */; };
		C59D4048285F9A51009072C9 /* UIStackView+Extension.swift in Sources */ = {isa = PBXBuildFile; fileRef = C59D4047285F9A51009072C9 /* UIStackView+Extension.swift */; };
		C59D4049285F9A51009072C9 /* UIStackView+Extension.swift in Sources */ = {isa = PBXBuildFile; fileRef = C59D4047285F9A51009072C9 /* UIStackView+Extension.swift */; };
		C59D4056285FCEF7009072C9 /* CityTableViewCell.swift in Sources */ = {isa = PBXBuildFile; fileRef = C59D4054285FCEF7009072C9 /* CityTableViewCell.swift */; };
		C59D4057285FCEF7009072C9 /* CityTableViewCell.swift in Sources */ = {isa = PBXBuildFile; fileRef = C59D4054285FCEF7009072C9 /* CityTableViewCell.swift */; };
		C59D4059285FCEF7009072C9 /* CityTableViewCell.xib in Resources */ = {isa = PBXBuildFile; fileRef = C59D4055285FCEF7009072C9 /* CityTableViewCell.xib */; };
		C59D405A285FCEF7009072C9 /* CityTableViewCell.xib in Resources */ = {isa = PBXBuildFile; fileRef = C59D4055285FCEF7009072C9 /* CityTableViewCell.xib */; };
		C59D405D285FD132009072C9 /* SearchCityViewController.swift in Sources */ = {isa = PBXBuildFile; fileRef = C59D405C285FD132009072C9 /* SearchCityViewController.swift */; };
		C59D405E285FD132009072C9 /* SearchCityViewController.swift in Sources */ = {isa = PBXBuildFile; fileRef = C59D405C285FD132009072C9 /* SearchCityViewController.swift */; };
		C59D4061285FD18C009072C9 /* SearchCityViewModel.swift in Sources */ = {isa = PBXBuildFile; fileRef = C59D4060285FD18C009072C9 /* SearchCityViewModel.swift */; };
		C59D4062285FD18C009072C9 /* SearchCityViewModel.swift in Sources */ = {isa = PBXBuildFile; fileRef = C59D4060285FD18C009072C9 /* SearchCityViewModel.swift */; };
		C59D4065285FD27F009072C9 /* BaseViewModelDelegate.swift in Sources */ = {isa = PBXBuildFile; fileRef = C59D4064285FD27F009072C9 /* BaseViewModelDelegate.swift */; };
		C59D4066285FD27F009072C9 /* BaseViewModelDelegate.swift in Sources */ = {isa = PBXBuildFile; fileRef = C59D4064285FD27F009072C9 /* BaseViewModelDelegate.swift */; };
		C59D4069285FD417009072C9 /* Storyboard+Extension.swift in Sources */ = {isa = PBXBuildFile; fileRef = C59D4068285FD417009072C9 /* Storyboard+Extension.swift */; };
		C59D406A285FD417009072C9 /* Storyboard+Extension.swift in Sources */ = {isa = PBXBuildFile; fileRef = C59D4068285FD417009072C9 /* Storyboard+Extension.swift */; };
		C59D407128603441009072C9 /* UIViewController+Extension.swift in Sources */ = {isa = PBXBuildFile; fileRef = C59D407028603441009072C9 /* UIViewController+Extension.swift */; };
		C59D407228603441009072C9 /* UIViewController+Extension.swift in Sources */ = {isa = PBXBuildFile; fileRef = C59D407028603441009072C9 /* UIViewController+Extension.swift */; };
		C59D407528604591009072C9 /* WeatherHomeViewController.swift in Sources */ = {isa = PBXBuildFile; fileRef = C59D407428604591009072C9 /* WeatherHomeViewController.swift */; };
		C59D407628604591009072C9 /* WeatherHomeViewController.swift in Sources */ = {isa = PBXBuildFile; fileRef = C59D407428604591009072C9 /* WeatherHomeViewController.swift */; };
		C59D40792860465D009072C9 /* AddedCityViewModel.swift in Sources */ = {isa = PBXBuildFile; fileRef = C59D40782860465D009072C9 /* AddedCityViewModel.swift */; };
		C59D407A2860465D009072C9 /* AddedCityViewModel.swift in Sources */ = {isa = PBXBuildFile; fileRef = C59D40782860465D009072C9 /* AddedCityViewModel.swift */; };
		C59D40812860D05B009072C9 /* Date+Extension.swift in Sources */ = {isa = PBXBuildFile; fileRef = C59D40802860D05B009072C9 /* Date+Extension.swift */; };
		C59D40822860D05B009072C9 /* Date+Extension.swift in Sources */ = {isa = PBXBuildFile; fileRef = C59D40802860D05B009072C9 /* Date+Extension.swift */; };
		C59D40892860DDA7009072C9 /* SharedAppData.swift in Sources */ = {isa = PBXBuildFile; fileRef = C59D40882860DDA7009072C9 /* SharedAppData.swift */; };
		C59D408A2860DDA7009072C9 /* SharedAppData.swift in Sources */ = {isa = PBXBuildFile; fileRef = C59D40882860DDA7009072C9 /* SharedAppData.swift */; };
		C59D408E286110F3009072C9 /* WeatherDetailCollectionViewCell.swift in Sources */ = {isa = PBXBuildFile; fileRef = C59D408C286110F3009072C9 /* WeatherDetailCollectionViewCell.swift */; };
		C59D408F286110F3009072C9 /* WeatherDetailCollectionViewCell.swift in Sources */ = {isa = PBXBuildFile; fileRef = C59D408C286110F3009072C9 /* WeatherDetailCollectionViewCell.swift */; };
		C59D4091286110F3009072C9 /* WeatherDetailCollectionViewCell.xib in Resources */ = {isa = PBXBuildFile; fileRef = C59D408D286110F3009072C9 /* WeatherDetailCollectionViewCell.xib */; };
		C59D4092286110F3009072C9 /* WeatherDetailCollectionViewCell.xib in Resources */ = {isa = PBXBuildFile; fileRef = C59D408D286110F3009072C9 /* WeatherDetailCollectionViewCell.xib */; };
		C59D409A28614304009072C9 /* StandardUserDefaultsHelper.swift in Sources */ = {isa = PBXBuildFile; fileRef = C59D409928614304009072C9 /* StandardUserDefaultsHelper.swift */; };
		C59D409B28614304009072C9 /* StandardUserDefaultsHelper.swift in Sources */ = {isa = PBXBuildFile; fileRef = C59D409928614304009072C9 /* StandardUserDefaultsHelper.swift */; };
		C59D409E286154FD009072C9 /* CityDetailViewController.swift in Sources */ = {isa = PBXBuildFile; fileRef = C59D409D286154FD009072C9 /* CityDetailViewController.swift */; };
		C59D409F286154FD009072C9 /* CityDetailViewController.swift in Sources */ = {isa = PBXBuildFile; fileRef = C59D409D286154FD009072C9 /* CityDetailViewController.swift */; };
		C5C969C3285DABF0001DB652 /* AppDelegate.swift in Sources */ = {isa = PBXBuildFile; fileRef = C5C969C2285DABF0001DB652 /* AppDelegate.swift */; };
		C5C969C5285DABF0001DB652 /* SceneDelegate.swift in Sources */ = {isa = PBXBuildFile; fileRef = C5C969C4285DABF0001DB652 /* SceneDelegate.swift */; };
		C5C969CA285DABF0001DB652 /* Main.storyboard in Resources */ = {isa = PBXBuildFile; fileRef = C5C969C8285DABF0001DB652 /* Main.storyboard */; };
		C5C969CD285DABF0001DB652 /* TheWeatherApp.xcdatamodeld in Sources */ = {isa = PBXBuildFile; fileRef = C5C969CB285DABF0001DB652 /* TheWeatherApp.xcdatamodeld */; };
		C5C969CF285DABF2001DB652 /* Assets.xcassets in Resources */ = {isa = PBXBuildFile; fileRef = C5C969CE285DABF2001DB652 /* Assets.xcassets */; };
		C5C969D2285DABF2001DB652 /* LaunchScreen.storyboard in Resources */ = {isa = PBXBuildFile; fileRef = C5C969D0285DABF2001DB652 /* LaunchScreen.storyboard */; };
		C5C969DD285DABF2001DB652 /* TheWeatherAppTests.swift in Sources */ = {isa = PBXBuildFile; fileRef = C5C969DC285DABF2001DB652 /* TheWeatherAppTests.swift */; };
		C5C969F7285DAE2F001DB652 /* Alamofire in Frameworks */ = {isa = PBXBuildFile; productRef = C5C969F6285DAE2F001DB652 /* Alamofire */; };
		C5C969FD285DB1F0001DB652 /* DebugConfig.xcconfig in Resources */ = {isa = PBXBuildFile; fileRef = C5C969FC285DB1F0001DB652 /* DebugConfig.xcconfig */; };
		C5C969FE285DB1F0001DB652 /* DebugConfig.xcconfig in Resources */ = {isa = PBXBuildFile; fileRef = C5C969FC285DB1F0001DB652 /* DebugConfig.xcconfig */; };
		C5C96A01285DB206001DB652 /* ReleaseConfig.xcconfig in Resources */ = {isa = PBXBuildFile; fileRef = C5C96A00285DB206001DB652 /* ReleaseConfig.xcconfig */; };
		C5C96A02285DB206001DB652 /* ReleaseConfig.xcconfig in Resources */ = {isa = PBXBuildFile; fileRef = C5C96A00285DB206001DB652 /* ReleaseConfig.xcconfig */; };
		C5C96A13285E2EF6001DB652 /* InfoDictionaryKey.swift in Sources */ = {isa = PBXBuildFile; fileRef = C5C96A12285E2EF6001DB652 /* InfoDictionaryKey.swift */; };
		C5C96A33285F8983001DB652 /* AddedCityViewController.swift in Sources */ = {isa = PBXBuildFile; fileRef = C5C96A32285F8982001DB652 /* AddedCityViewController.swift */; };
		C5C96A34285F8983001DB652 /* AddedCityViewController.swift in Sources */ = {isa = PBXBuildFile; fileRef = C5C96A32285F8982001DB652 /* AddedCityViewController.swift */; };
		C5C96A37285F8A87001DB652 /* WeatherHomeViewModel.swift in Sources */ = {isa = PBXBuildFile; fileRef = C5C96A36285F8A87001DB652 /* WeatherHomeViewModel.swift */; };
		C5C96A38285F8A87001DB652 /* WeatherHomeViewModel.swift in Sources */ = {isa = PBXBuildFile; fileRef = C5C96A36285F8A87001DB652 /* WeatherHomeViewModel.swift */; };
		C5CDA6F32886DEA8007C9659 /* AppCoordinator.swift in Sources */ = {isa = PBXBuildFile; fileRef = C5CDA6F22886DEA8007C9659 /* AppCoordinator.swift */; };
		C5CDA6F42886DEA8007C9659 /* AppCoordinator.swift in Sources */ = {isa = PBXBuildFile; fileRef = C5CDA6F22886DEA8007C9659 /* AppCoordinator.swift */; };
		C5CDA6F52886DEA8007C9659 /* AppCoordinator.swift in Sources */ = {isa = PBXBuildFile; fileRef = C5CDA6F22886DEA8007C9659 /* AppCoordinator.swift */; };
		C5CDA6F82886DEFC007C9659 /* Coordinator.swift in Sources */ = {isa = PBXBuildFile; fileRef = C5CDA6F72886DEFC007C9659 /* Coordinator.swift */; };
		C5CDA6F92886DEFC007C9659 /* Coordinator.swift in Sources */ = {isa = PBXBuildFile; fileRef = C5CDA6F72886DEFC007C9659 /* Coordinator.swift */; };
		C5CDA6FA2886DEFC007C9659 /* Coordinator.swift in Sources */ = {isa = PBXBuildFile; fileRef = C5CDA6F72886DEFC007C9659 /* Coordinator.swift */; };
		C5CDA6FC2886DFC0007C9659 /* AppConfiguration.swift in Sources */ = {isa = PBXBuildFile; fileRef = C5CDA6FB2886DFC0007C9659 /* AppConfiguration.swift */; };
		C5CDA6FD2886DFC0007C9659 /* AppConfiguration.swift in Sources */ = {isa = PBXBuildFile; fileRef = C5CDA6FB2886DFC0007C9659 /* AppConfiguration.swift */; };
		C5CDA6FE2886DFC0007C9659 /* AppConfiguration.swift in Sources */ = {isa = PBXBuildFile; fileRef = C5CDA6FB2886DFC0007C9659 /* AppConfiguration.swift */; };
		C5CDA7022886E03C007C9659 /* CurrentConditionsRepositoryProtocol.swift in Sources */ = {isa = PBXBuildFile; fileRef = C5CDA6FF2886E03C007C9659 /* CurrentConditionsRepositoryProtocol.swift */; };
		C5CDA7032886E03C007C9659 /* CurrentConditionsRepositoryProtocol.swift in Sources */ = {isa = PBXBuildFile; fileRef = C5CDA6FF2886E03C007C9659 /* CurrentConditionsRepositoryProtocol.swift */; };
		C5CDA7042886E03C007C9659 /* CurrentConditionsRepositoryProtocol.swift in Sources */ = {isa = PBXBuildFile; fileRef = C5CDA6FF2886E03C007C9659 /* CurrentConditionsRepositoryProtocol.swift */; };
		C5CDA7052886E03C007C9659 /* CityRepositoryProtocol.swift in Sources */ = {isa = PBXBuildFile; fileRef = C5CDA7002886E03C007C9659 /* CityRepositoryProtocol.swift */; };
		C5CDA7062886E03C007C9659 /* CityRepositoryProtocol.swift in Sources */ = {isa = PBXBuildFile; fileRef = C5CDA7002886E03C007C9659 /* CityRepositoryProtocol.swift */; };
		C5CDA7072886E03C007C9659 /* CityRepositoryProtocol.swift in Sources */ = {isa = PBXBuildFile; fileRef = C5CDA7002886E03C007C9659 /* CityRepositoryProtocol.swift */; };
		C5CDA7082886E03C007C9659 /* ForecastRepositoryProtocol.swift in Sources */ = {isa = PBXBuildFile; fileRef = C5CDA7012886E03C007C9659 /* ForecastRepositoryProtocol.swift */; };
		C5CDA7092886E03C007C9659 /* ForecastRepositoryProtocol.swift in Sources */ = {isa = PBXBuildFile; fileRef = C5CDA7012886E03C007C9659 /* ForecastRepositoryProtocol.swift */; };
		C5CDA70A2886E03C007C9659 /* ForecastRepositoryProtocol.swift in Sources */ = {isa = PBXBuildFile; fileRef = C5CDA7012886E03C007C9659 /* ForecastRepositoryProtocol.swift */; };
		C5CDA70E2886E073007C9659 /* Forecast.swift in Sources */ = {isa = PBXBuildFile; fileRef = C5CDA70B2886E073007C9659 /* Forecast.swift */; };
		C5CDA70F2886E073007C9659 /* Forecast.swift in Sources */ = {isa = PBXBuildFile; fileRef = C5CDA70B2886E073007C9659 /* Forecast.swift */; };
		C5CDA7102886E073007C9659 /* Forecast.swift in Sources */ = {isa = PBXBuildFile; fileRef = C5CDA70B2886E073007C9659 /* Forecast.swift */; };
		C5CDA7112886E073007C9659 /* City.swift in Sources */ = {isa = PBXBuildFile; fileRef = C5CDA70C2886E073007C9659 /* City.swift */; };
		C5CDA7122886E073007C9659 /* City.swift in Sources */ = {isa = PBXBuildFile; fileRef = C5CDA70C2886E073007C9659 /* City.swift */; };
		C5CDA7132886E073007C9659 /* City.swift in Sources */ = {isa = PBXBuildFile; fileRef = C5CDA70C2886E073007C9659 /* City.swift */; };
		C5CDA7142886E073007C9659 /* CurrentConditions.swift in Sources */ = {isa = PBXBuildFile; fileRef = C5CDA70D2886E073007C9659 /* CurrentConditions.swift */; };
		C5CDA7152886E073007C9659 /* CurrentConditions.swift in Sources */ = {isa = PBXBuildFile; fileRef = C5CDA70D2886E073007C9659 /* CurrentConditions.swift */; };
		C5CDA7162886E073007C9659 /* CurrentConditions.swift in Sources */ = {isa = PBXBuildFile; fileRef = C5CDA70D2886E073007C9659 /* CurrentConditions.swift */; };
		C5CDA71A2886E08E007C9659 /* GetCurrentConditionsUseCase.swift in Sources */ = {isa = PBXBuildFile; fileRef = C5CDA7172886E08E007C9659 /* GetCurrentConditionsUseCase.swift */; };
		C5CDA71B2886E08E007C9659 /* GetCurrentConditionsUseCase.swift in Sources */ = {isa = PBXBuildFile; fileRef = C5CDA7172886E08E007C9659 /* GetCurrentConditionsUseCase.swift */; };
		C5CDA71C2886E08E007C9659 /* GetCurrentConditionsUseCase.swift in Sources */ = {isa = PBXBuildFile; fileRef = C5CDA7172886E08E007C9659 /* GetCurrentConditionsUseCase.swift */; };
		C5CDA71D2886E08E007C9659 /* GetCitiesUseCase.swift in Sources */ = {isa = PBXBuildFile; fileRef = C5CDA7182886E08E007C9659 /* GetCitiesUseCase.swift */; };
		C5CDA71E2886E08E007C9659 /* GetCitiesUseCase.swift in Sources */ = {isa = PBXBuildFile; fileRef = C5CDA7182886E08E007C9659 /* GetCitiesUseCase.swift */; };
		C5CDA71F2886E08E007C9659 /* GetCitiesUseCase.swift in Sources */ = {isa = PBXBuildFile; fileRef = C5CDA7182886E08E007C9659 /* GetCitiesUseCase.swift */; };
		C5CDA7202886E08E007C9659 /* GetForecastUseCase.swift in Sources */ = {isa = PBXBuildFile; fileRef = C5CDA7192886E08E007C9659 /* GetForecastUseCase.swift */; };
		C5CDA7212886E08E007C9659 /* GetForecastUseCase.swift in Sources */ = {isa = PBXBuildFile; fileRef = C5CDA7192886E08E007C9659 /* GetForecastUseCase.swift */; };
		C5CDA7222886E08E007C9659 /* GetForecastUseCase.swift in Sources */ = {isa = PBXBuildFile; fileRef = C5CDA7192886E08E007C9659 /* GetForecastUseCase.swift */; };
		C5CDA73B2886E0EC007C9659 /* CityDataSourceAPIImpl.swift in Sources */ = {isa = PBXBuildFile; fileRef = C5CDA7272886E0EC007C9659 /* CityDataSourceAPIImpl.swift */; };
		C5CDA73C2886E0EC007C9659 /* CityDataSourceAPIImpl.swift in Sources */ = {isa = PBXBuildFile; fileRef = C5CDA7272886E0EC007C9659 /* CityDataSourceAPIImpl.swift */; };
		C5CDA73D2886E0EC007C9659 /* CityDataSourceAPIImpl.swift in Sources */ = {isa = PBXBuildFile; fileRef = C5CDA7272886E0EC007C9659 /* CityDataSourceAPIImpl.swift */; };
		C5CDA73E2886E0EC007C9659 /* ForecastAPIImpl.swift in Sources */ = {isa = PBXBuildFile; fileRef = C5CDA7282886E0EC007C9659 /* ForecastAPIImpl.swift */; };
		C5CDA73F2886E0EC007C9659 /* ForecastAPIImpl.swift in Sources */ = {isa = PBXBuildFile; fileRef = C5CDA7282886E0EC007C9659 /* ForecastAPIImpl.swift */; };
		C5CDA7402886E0EC007C9659 /* ForecastAPIImpl.swift in Sources */ = {isa = PBXBuildFile; fileRef = C5CDA7282886E0EC007C9659 /* ForecastAPIImpl.swift */; };
		C5CDA7412886E0EC007C9659 /* CurrentConditionsAPIImpl.swift in Sources */ = {isa = PBXBuildFile; fileRef = C5CDA7292886E0EC007C9659 /* CurrentConditionsAPIImpl.swift */; };
		C5CDA7422886E0EC007C9659 /* CurrentConditionsAPIImpl.swift in Sources */ = {isa = PBXBuildFile; fileRef = C5CDA7292886E0EC007C9659 /* CurrentConditionsAPIImpl.swift */; };
		C5CDA7432886E0EC007C9659 /* CurrentConditionsAPIImpl.swift in Sources */ = {isa = PBXBuildFile; fileRef = C5CDA7292886E0EC007C9659 /* CurrentConditionsAPIImpl.swift */; };
		C5CDA74D2886E0EC007C9659 /* CityDataSource.swift in Sources */ = {isa = PBXBuildFile; fileRef = C5CDA72F2886E0EC007C9659 /* CityDataSource.swift */; };
		C5CDA74E2886E0EC007C9659 /* CityDataSource.swift in Sources */ = {isa = PBXBuildFile; fileRef = C5CDA72F2886E0EC007C9659 /* CityDataSource.swift */; };
		C5CDA74F2886E0EC007C9659 /* CityDataSource.swift in Sources */ = {isa = PBXBuildFile; fileRef = C5CDA72F2886E0EC007C9659 /* CityDataSource.swift */; };
		C5CDA7502886E0EC007C9659 /* CurrentConditionsDataSource.swift in Sources */ = {isa = PBXBuildFile; fileRef = C5CDA7302886E0EC007C9659 /* CurrentConditionsDataSource.swift */; };
		C5CDA7512886E0EC007C9659 /* CurrentConditionsDataSource.swift in Sources */ = {isa = PBXBuildFile; fileRef = C5CDA7302886E0EC007C9659 /* CurrentConditionsDataSource.swift */; };
		C5CDA7522886E0EC007C9659 /* CurrentConditionsDataSource.swift in Sources */ = {isa = PBXBuildFile; fileRef = C5CDA7302886E0EC007C9659 /* CurrentConditionsDataSource.swift */; };
		C5CDA7532886E0EC007C9659 /* ForecastDataSource.swift in Sources */ = {isa = PBXBuildFile; fileRef = C5CDA7312886E0EC007C9659 /* ForecastDataSource.swift */; };
		C5CDA7542886E0EC007C9659 /* ForecastDataSource.swift in Sources */ = {isa = PBXBuildFile; fileRef = C5CDA7312886E0EC007C9659 /* ForecastDataSource.swift */; };
		C5CDA7552886E0EC007C9659 /* ForecastDataSource.swift in Sources */ = {isa = PBXBuildFile; fileRef = C5CDA7312886E0EC007C9659 /* ForecastDataSource.swift */; };
		C5CDA7562886E0EC007C9659 /* NetworkingService.swift in Sources */ = {isa = PBXBuildFile; fileRef = C5CDA7332886E0EC007C9659 /* NetworkingService.swift */; };
		C5CDA7572886E0EC007C9659 /* NetworkingService.swift in Sources */ = {isa = PBXBuildFile; fileRef = C5CDA7332886E0EC007C9659 /* NetworkingService.swift */; };
		C5CDA7582886E0EC007C9659 /* NetworkingService.swift in Sources */ = {isa = PBXBuildFile; fileRef = C5CDA7332886E0EC007C9659 /* NetworkingService.swift */; };
		C5CDA7592886E0EC007C9659 /* APIServiceError.swift in Sources */ = {isa = PBXBuildFile; fileRef = C5CDA7352886E0EC007C9659 /* APIServiceError.swift */; };
		C5CDA75A2886E0EC007C9659 /* APIServiceError.swift in Sources */ = {isa = PBXBuildFile; fileRef = C5CDA7352886E0EC007C9659 /* APIServiceError.swift */; };
		C5CDA75B2886E0EC007C9659 /* APIServiceError.swift in Sources */ = {isa = PBXBuildFile; fileRef = C5CDA7352886E0EC007C9659 /* APIServiceError.swift */; };
		C5CDA75C2886E0EC007C9659 /* URLConstants.swift in Sources */ = {isa = PBXBuildFile; fileRef = C5CDA7362886E0EC007C9659 /* URLConstants.swift */; };
		C5CDA75D2886E0EC007C9659 /* URLConstants.swift in Sources */ = {isa = PBXBuildFile; fileRef = C5CDA7362886E0EC007C9659 /* URLConstants.swift */; };
		C5CDA75E2886E0EC007C9659 /* URLConstants.swift in Sources */ = {isa = PBXBuildFile; fileRef = C5CDA7362886E0EC007C9659 /* URLConstants.swift */; };
		C5CDA75F2886E0EC007C9659 /* ForecastRepositoryImpl.swift in Sources */ = {isa = PBXBuildFile; fileRef = C5CDA7382886E0EC007C9659 /* ForecastRepositoryImpl.swift */; };
		C5CDA7602886E0EC007C9659 /* ForecastRepositoryImpl.swift in Sources */ = {isa = PBXBuildFile; fileRef = C5CDA7382886E0EC007C9659 /* ForecastRepositoryImpl.swift */; };
		C5CDA7612886E0EC007C9659 /* ForecastRepositoryImpl.swift in Sources */ = {isa = PBXBuildFile; fileRef = C5CDA7382886E0EC007C9659 /* ForecastRepositoryImpl.swift */; };
		C5CDA7622886E0EC007C9659 /* CurrentConditionsRepositoryImpl.swift in Sources */ = {isa = PBXBuildFile; fileRef = C5CDA7392886E0EC007C9659 /* CurrentConditionsRepositoryImpl.swift */; };
		C5CDA7632886E0EC007C9659 /* CurrentConditionsRepositoryImpl.swift in Sources */ = {isa = PBXBuildFile; fileRef = C5CDA7392886E0EC007C9659 /* CurrentConditionsRepositoryImpl.swift */; };
		C5CDA7642886E0EC007C9659 /* CurrentConditionsRepositoryImpl.swift in Sources */ = {isa = PBXBuildFile; fileRef = C5CDA7392886E0EC007C9659 /* CurrentConditionsRepositoryImpl.swift */; };
		C5CDA7652886E0EC007C9659 /* CityRepositoryImpl.swift in Sources */ = {isa = PBXBuildFile; fileRef = C5CDA73A2886E0EC007C9659 /* CityRepositoryImpl.swift */; };
		C5CDA7662886E0EC007C9659 /* CityRepositoryImpl.swift in Sources */ = {isa = PBXBuildFile; fileRef = C5CDA73A2886E0EC007C9659 /* CityRepositoryImpl.swift */; };
		C5CDA7672886E0EC007C9659 /* CityRepositoryImpl.swift in Sources */ = {isa = PBXBuildFile; fileRef = C5CDA73A2886E0EC007C9659 /* CityRepositoryImpl.swift */; };
		C5CDA77A2886E8CC007C9659 /* Observable.swift in Sources */ = {isa = PBXBuildFile; fileRef = C5CDA7782886E8CC007C9659 /* Observable.swift */; };
		C5CDA77B2886E8CC007C9659 /* Observable.swift in Sources */ = {isa = PBXBuildFile; fileRef = C5CDA7782886E8CC007C9659 /* Observable.swift */; };
		C5CDA77C2886E8CC007C9659 /* Observable.swift in Sources */ = {isa = PBXBuildFile; fileRef = C5CDA7782886E8CC007C9659 /* Observable.swift */; };
		C5CDA77D2886E8CC007C9659 /* Storyboardable.swift in Sources */ = {isa = PBXBuildFile; fileRef = C5CDA7792886E8CC007C9659 /* Storyboardable.swift */; };
		C5CDA77E2886E8CC007C9659 /* Storyboardable.swift in Sources */ = {isa = PBXBuildFile; fileRef = C5CDA7792886E8CC007C9659 /* Storyboardable.swift */; };
		C5CDA77F2886E8CC007C9659 /* Storyboardable.swift in Sources */ = {isa = PBXBuildFile; fileRef = C5CDA7792886E8CC007C9659 /* Storyboardable.swift */; };
		C5CDA7852886E9F4007C9659 /* WeatherHomeCoordinator.swift in Sources */ = {isa = PBXBuildFile; fileRef = C5CDA7842886E9F4007C9659 /* WeatherHomeCoordinator.swift */; };
		C5CDA7862886E9F4007C9659 /* WeatherHomeCoordinator.swift in Sources */ = {isa = PBXBuildFile; fileRef = C5CDA7842886E9F4007C9659 /* WeatherHomeCoordinator.swift */; };
		C5CDA7872886E9F4007C9659 /* WeatherHomeCoordinator.swift in Sources */ = {isa = PBXBuildFile; fileRef = C5CDA7842886E9F4007C9659 /* WeatherHomeCoordinator.swift */; };
		C5CDA7882886EA43007C9659 /* WeatherHomeViewController.swift in Sources */ = {isa = PBXBuildFile; fileRef = C59D407428604591009072C9 /* WeatherHomeViewController.swift */; };
		C5CDA78C2886ECAB007C9659 /* SearchCityCoordinator.swift in Sources */ = {isa = PBXBuildFile; fileRef = C5CDA78B2886ECAB007C9659 /* SearchCityCoordinator.swift */; };
		C5CDA78D2886ECAB007C9659 /* SearchCityCoordinator.swift in Sources */ = {isa = PBXBuildFile; fileRef = C5CDA78B2886ECAB007C9659 /* SearchCityCoordinator.swift */; };
		C5CDA78E2886ECAB007C9659 /* SearchCityCoordinator.swift in Sources */ = {isa = PBXBuildFile; fileRef = C5CDA78B2886ECAB007C9659 /* SearchCityCoordinator.swift */; };
		C5CDA7902886ED22007C9659 /* CityDetailCoordinator.swift in Sources */ = {isa = PBXBuildFile; fileRef = C5CDA78F2886ED22007C9659 /* CityDetailCoordinator.swift */; };
		C5CDA7912886ED22007C9659 /* CityDetailCoordinator.swift in Sources */ = {isa = PBXBuildFile; fileRef = C5CDA78F2886ED22007C9659 /* CityDetailCoordinator.swift */; };
		C5CDA7922886ED22007C9659 /* CityDetailCoordinator.swift in Sources */ = {isa = PBXBuildFile; fileRef = C5CDA78F2886ED22007C9659 /* CityDetailCoordinator.swift */; };
		C5CDA7952886EDCB007C9659 /* AddedCityCoordinator.swift in Sources */ = {isa = PBXBuildFile; fileRef = C5CDA7942886EDCB007C9659 /* AddedCityCoordinator.swift */; };
		C5CDA7962886EDCB007C9659 /* AddedCityCoordinator.swift in Sources */ = {isa = PBXBuildFile; fileRef = C5CDA7942886EDCB007C9659 /* AddedCityCoordinator.swift */; };
		C5CDA7972886EDCB007C9659 /* AddedCityCoordinator.swift in Sources */ = {isa = PBXBuildFile; fileRef = C5CDA7942886EDCB007C9659 /* AddedCityCoordinator.swift */; };
		C5CDA7A22887249E007C9659 /* CityResponseDTO+Response.swift in Sources */ = {isa = PBXBuildFile; fileRef = C5CDA7A12887249E007C9659 /* CityResponseDTO+Response.swift */; };
		C5CDA7A32887249E007C9659 /* CityResponseDTO+Response.swift in Sources */ = {isa = PBXBuildFile; fileRef = C5CDA7A12887249E007C9659 /* CityResponseDTO+Response.swift */; };
		C5CDA7A42887249E007C9659 /* CityResponseDTO+Response.swift in Sources */ = {isa = PBXBuildFile; fileRef = C5CDA7A12887249E007C9659 /* CityResponseDTO+Response.swift */; };
		C5CDA7A6288728E6007C9659 /* CurrentConditionsResponseDTO.swift in Sources */ = {isa = PBXBuildFile; fileRef = C5CDA7A5288728E6007C9659 /* CurrentConditionsResponseDTO.swift */; };
		C5CDA7A7288728E6007C9659 /* CurrentConditionsResponseDTO.swift in Sources */ = {isa = PBXBuildFile; fileRef = C5CDA7A5288728E6007C9659 /* CurrentConditionsResponseDTO.swift */; };
		C5CDA7A8288728E6007C9659 /* CurrentConditionsResponseDTO.swift in Sources */ = {isa = PBXBuildFile; fileRef = C5CDA7A5288728E6007C9659 /* CurrentConditionsResponseDTO.swift */; };
		C5CDA7AA288729E6007C9659 /* ForecastResponseDTO.swift in Sources */ = {isa = PBXBuildFile; fileRef = C5CDA7A9288729E6007C9659 /* ForecastResponseDTO.swift */; };
		C5CDA7AB288729E6007C9659 /* ForecastResponseDTO.swift in Sources */ = {isa = PBXBuildFile; fileRef = C5CDA7A9288729E6007C9659 /* ForecastResponseDTO.swift */; };
		C5CDA7AC288729E6007C9659 /* ForecastResponseDTO.swift in Sources */ = {isa = PBXBuildFile; fileRef = C5CDA7A9288729E6007C9659 /* ForecastResponseDTO.swift */; };
		C5CDA7AE28876512007C9659 /* SaveCityUseCase.swift in Sources */ = {isa = PBXBuildFile; fileRef = C5CDA7AD28876512007C9659 /* SaveCityUseCase.swift */; };
		C5CDA7AF28876512007C9659 /* SaveCityUseCase.swift in Sources */ = {isa = PBXBuildFile; fileRef = C5CDA7AD28876512007C9659 /* SaveCityUseCase.swift */; };
		C5CDA7B028876512007C9659 /* SaveCityUseCase.swift in Sources */ = {isa = PBXBuildFile; fileRef = C5CDA7AD28876512007C9659 /* SaveCityUseCase.swift */; };
		C5CDA7B228876759007C9659 /* RemoveCityUseCase.swift in Sources */ = {isa = PBXBuildFile; fileRef = C5CDA7B128876759007C9659 /* RemoveCityUseCase.swift */; };
		C5CDA7B328876759007C9659 /* RemoveCityUseCase.swift in Sources */ = {isa = PBXBuildFile; fileRef = C5CDA7B128876759007C9659 /* RemoveCityUseCase.swift */; };
		C5CDA7B428876759007C9659 /* RemoveCityUseCase.swift in Sources */ = {isa = PBXBuildFile; fileRef = C5CDA7B128876759007C9659 /* RemoveCityUseCase.swift */; };
/* End PBXBuildFile section */

/* Begin PBXContainerItemProxy section */
		C56BBF0328636D50001AACA9 /* PBXContainerItemProxy */ = {
			isa = PBXContainerItemProxy;
			containerPortal = C5C969B7285DABF0001DB652 /* Project object */;
			proxyType = 1;
			remoteGlobalIDString = C5C969BE285DABF0001DB652;
			remoteInfo = TheWeatherApp;
		};
		C5C969D9285DABF2001DB652 /* PBXContainerItemProxy */ = {
			isa = PBXContainerItemProxy;
			containerPortal = C5C969B7285DABF0001DB652 /* Project object */;
			proxyType = 1;
			remoteGlobalIDString = C5C969BE285DABF0001DB652;
			remoteInfo = TheWeatherApp;
		};
/* End PBXContainerItemProxy section */

/* Begin PBXFileReference section */
		C512DEBB28779F1000162BFB /* WeatherDetailCollectionViewCellViewModel.swift */ = {isa = PBXFileReference; lastKnownFileType = sourcecode.swift; path = WeatherDetailCollectionViewCellViewModel.swift; sourceTree = "<group>"; };
		C512DECE2877B10D00162BFB /* WeatherTableViewCellViewModel.swift */ = {isa = PBXFileReference; lastKnownFileType = sourcecode.swift; path = WeatherTableViewCellViewModel.swift; sourceTree = "<group>"; };
		C56BBEEC2863419F001AACA9 /* DailyForecastTableViewCell.swift */ = {isa = PBXFileReference; lastKnownFileType = sourcecode.swift; path = DailyForecastTableViewCell.swift; sourceTree = "<group>"; };
		C56BBEED2863419F001AACA9 /* DailyForecastTableViewCell.xib */ = {isa = PBXFileReference; lastKnownFileType = file.xib; path = DailyForecastTableViewCell.xib; sourceTree = "<group>"; };
		C56BBEF628635D74001AACA9 /* TheWeatherAppApiTests.swift */ = {isa = PBXFileReference; lastKnownFileType = sourcecode.swift; path = TheWeatherAppApiTests.swift; sourceTree = "<group>"; };
		C56BBEFD28636D50001AACA9 /* TheWeatherAppUITests.xctest */ = {isa = PBXFileReference; explicitFileType = wrapper.cfbundle; includeInIndex = 0; path = TheWeatherAppUITests.xctest; sourceTree = BUILT_PRODUCTS_DIR; };
		C56BBEFF28636D50001AACA9 /* TheWeatherAppUITests.swift */ = {isa = PBXFileReference; lastKnownFileType = sourcecode.swift; path = TheWeatherAppUITests.swift; sourceTree = "<group>"; };
		C56BBF0128636D50001AACA9 /* TheWeatherAppUITestsLaunchTests.swift */ = {isa = PBXFileReference; lastKnownFileType = sourcecode.swift; path = TheWeatherAppUITestsLaunchTests.swift; sourceTree = "<group>"; };
		C59D403E285F980F009072C9 /* WeatherTableViewCell.swift */ = {isa = PBXFileReference; lastKnownFileType = sourcecode.swift; path = WeatherTableViewCell.swift; sourceTree = "<group>"; };
		C59D403F285F980F009072C9 /* WeatherTableViewCell.xib */ = {isa = PBXFileReference; lastKnownFileType = file.xib; path = WeatherTableViewCell.xib; sourceTree = "<group>"; };
		C59D4047285F9A51009072C9 /* UIStackView+Extension.swift */ = {isa = PBXFileReference; lastKnownFileType = sourcecode.swift; path = "UIStackView+Extension.swift"; sourceTree = "<group>"; };
		C59D4054285FCEF7009072C9 /* CityTableViewCell.swift */ = {isa = PBXFileReference; lastKnownFileType = sourcecode.swift; path = CityTableViewCell.swift; sourceTree = "<group>"; };
		C59D4055285FCEF7009072C9 /* CityTableViewCell.xib */ = {isa = PBXFileReference; lastKnownFileType = file.xib; path = CityTableViewCell.xib; sourceTree = "<group>"; };
		C59D405C285FD132009072C9 /* SearchCityViewController.swift */ = {isa = PBXFileReference; lastKnownFileType = sourcecode.swift; path = SearchCityViewController.swift; sourceTree = "<group>"; };
		C59D4060285FD18C009072C9 /* SearchCityViewModel.swift */ = {isa = PBXFileReference; lastKnownFileType = sourcecode.swift; path = SearchCityViewModel.swift; sourceTree = "<group>"; };
		C59D4064285FD27F009072C9 /* BaseViewModelDelegate.swift */ = {isa = PBXFileReference; lastKnownFileType = sourcecode.swift; path = BaseViewModelDelegate.swift; sourceTree = "<group>"; };
		C59D4068285FD417009072C9 /* Storyboard+Extension.swift */ = {isa = PBXFileReference; lastKnownFileType = sourcecode.swift; path = "Storyboard+Extension.swift"; sourceTree = "<group>"; };
		C59D407028603441009072C9 /* UIViewController+Extension.swift */ = {isa = PBXFileReference; lastKnownFileType = sourcecode.swift; path = "UIViewController+Extension.swift"; sourceTree = "<group>"; };
		C59D407428604591009072C9 /* WeatherHomeViewController.swift */ = {isa = PBXFileReference; lastKnownFileType = sourcecode.swift; path = WeatherHomeViewController.swift; sourceTree = "<group>"; };
		C59D40782860465D009072C9 /* AddedCityViewModel.swift */ = {isa = PBXFileReference; lastKnownFileType = sourcecode.swift; path = AddedCityViewModel.swift; sourceTree = "<group>"; };
		C59D40802860D05B009072C9 /* Date+Extension.swift */ = {isa = PBXFileReference; lastKnownFileType = sourcecode.swift; path = "Date+Extension.swift"; sourceTree = "<group>"; };
		C59D40882860DDA7009072C9 /* SharedAppData.swift */ = {isa = PBXFileReference; lastKnownFileType = sourcecode.swift; path = SharedAppData.swift; sourceTree = "<group>"; };
		C59D408C286110F3009072C9 /* WeatherDetailCollectionViewCell.swift */ = {isa = PBXFileReference; lastKnownFileType = sourcecode.swift; path = WeatherDetailCollectionViewCell.swift; sourceTree = "<group>"; };
		C59D408D286110F3009072C9 /* WeatherDetailCollectionViewCell.xib */ = {isa = PBXFileReference; lastKnownFileType = file.xib; path = WeatherDetailCollectionViewCell.xib; sourceTree = "<group>"; };
		C59D409928614304009072C9 /* StandardUserDefaultsHelper.swift */ = {isa = PBXFileReference; lastKnownFileType = sourcecode.swift; path = StandardUserDefaultsHelper.swift; sourceTree = "<group>"; };
		C59D409D286154FD009072C9 /* CityDetailViewController.swift */ = {isa = PBXFileReference; lastKnownFileType = sourcecode.swift; path = CityDetailViewController.swift; sourceTree = "<group>"; };
		C5C969BF285DABF0001DB652 /* TheWeatherApp.app */ = {isa = PBXFileReference; explicitFileType = wrapper.application; includeInIndex = 0; path = TheWeatherApp.app; sourceTree = BUILT_PRODUCTS_DIR; };
		C5C969C2285DABF0001DB652 /* AppDelegate.swift */ = {isa = PBXFileReference; lastKnownFileType = sourcecode.swift; path = AppDelegate.swift; sourceTree = "<group>"; };
		C5C969C4285DABF0001DB652 /* SceneDelegate.swift */ = {isa = PBXFileReference; lastKnownFileType = sourcecode.swift; path = SceneDelegate.swift; sourceTree = "<group>"; };
		C5C969C9285DABF0001DB652 /* Base */ = {isa = PBXFileReference; lastKnownFileType = file.storyboard; name = Base; path = Base.lproj/Main.storyboard; sourceTree = "<group>"; };
		C5C969CC285DABF0001DB652 /* TheWeatherApp.xcdatamodel */ = {isa = PBXFileReference; lastKnownFileType = wrapper.xcdatamodel; path = TheWeatherApp.xcdatamodel; sourceTree = "<group>"; };
		C5C969CE285DABF2001DB652 /* Assets.xcassets */ = {isa = PBXFileReference; lastKnownFileType = folder.assetcatalog; path = Assets.xcassets; sourceTree = "<group>"; };
		C5C969D1285DABF2001DB652 /* Base */ = {isa = PBXFileReference; lastKnownFileType = file.storyboard; name = Base; path = Base.lproj/LaunchScreen.storyboard; sourceTree = "<group>"; };
		C5C969D3285DABF2001DB652 /* Info.plist */ = {isa = PBXFileReference; lastKnownFileType = text.plist.xml; path = Info.plist; sourceTree = "<group>"; };
		C5C969D8285DABF2001DB652 /* TheWeatherAppTests.xctest */ = {isa = PBXFileReference; explicitFileType = wrapper.cfbundle; includeInIndex = 0; path = TheWeatherAppTests.xctest; sourceTree = BUILT_PRODUCTS_DIR; };
		C5C969DC285DABF2001DB652 /* TheWeatherAppTests.swift */ = {isa = PBXFileReference; lastKnownFileType = sourcecode.swift; path = TheWeatherAppTests.swift; sourceTree = "<group>"; };
		C5C969FC285DB1F0001DB652 /* DebugConfig.xcconfig */ = {isa = PBXFileReference; lastKnownFileType = text.xcconfig; path = DebugConfig.xcconfig; sourceTree = "<group>"; };
		C5C96A00285DB206001DB652 /* ReleaseConfig.xcconfig */ = {isa = PBXFileReference; lastKnownFileType = text.xcconfig; path = ReleaseConfig.xcconfig; sourceTree = "<group>"; };
		C5C96A12285E2EF6001DB652 /* InfoDictionaryKey.swift */ = {isa = PBXFileReference; lastKnownFileType = sourcecode.swift; path = InfoDictionaryKey.swift; sourceTree = "<group>"; };
		C5C96A32285F8982001DB652 /* AddedCityViewController.swift */ = {isa = PBXFileReference; lastKnownFileType = sourcecode.swift; path = AddedCityViewController.swift; sourceTree = "<group>"; };
		C5C96A36285F8A87001DB652 /* WeatherHomeViewModel.swift */ = {isa = PBXFileReference; lastKnownFileType = sourcecode.swift; path = WeatherHomeViewModel.swift; sourceTree = "<group>"; };
		C5CDA6F22886DEA8007C9659 /* AppCoordinator.swift */ = {isa = PBXFileReference; lastKnownFileType = sourcecode.swift; path = AppCoordinator.swift; sourceTree = "<group>"; };
		C5CDA6F72886DEFC007C9659 /* Coordinator.swift */ = {isa = PBXFileReference; lastKnownFileType = sourcecode.swift; path = Coordinator.swift; sourceTree = "<group>"; };
		C5CDA6FB2886DFC0007C9659 /* AppConfiguration.swift */ = {isa = PBXFileReference; lastKnownFileType = sourcecode.swift; path = AppConfiguration.swift; sourceTree = "<group>"; };
		C5CDA6FF2886E03C007C9659 /* CurrentConditionsRepositoryProtocol.swift */ = {isa = PBXFileReference; fileEncoding = 4; lastKnownFileType = sourcecode.swift; path = CurrentConditionsRepositoryProtocol.swift; sourceTree = "<group>"; };
		C5CDA7002886E03C007C9659 /* CityRepositoryProtocol.swift */ = {isa = PBXFileReference; fileEncoding = 4; lastKnownFileType = sourcecode.swift; path = CityRepositoryProtocol.swift; sourceTree = "<group>"; };
		C5CDA7012886E03C007C9659 /* ForecastRepositoryProtocol.swift */ = {isa = PBXFileReference; fileEncoding = 4; lastKnownFileType = sourcecode.swift; path = ForecastRepositoryProtocol.swift; sourceTree = "<group>"; };
		C5CDA70B2886E073007C9659 /* Forecast.swift */ = {isa = PBXFileReference; fileEncoding = 4; lastKnownFileType = sourcecode.swift; path = Forecast.swift; sourceTree = "<group>"; };
		C5CDA70C2886E073007C9659 /* City.swift */ = {isa = PBXFileReference; fileEncoding = 4; lastKnownFileType = sourcecode.swift; path = City.swift; sourceTree = "<group>"; };
		C5CDA70D2886E073007C9659 /* CurrentConditions.swift */ = {isa = PBXFileReference; fileEncoding = 4; lastKnownFileType = sourcecode.swift; path = CurrentConditions.swift; sourceTree = "<group>"; };
		C5CDA7172886E08E007C9659 /* GetCurrentConditionsUseCase.swift */ = {isa = PBXFileReference; fileEncoding = 4; lastKnownFileType = sourcecode.swift; path = GetCurrentConditionsUseCase.swift; sourceTree = "<group>"; };
		C5CDA7182886E08E007C9659 /* GetCitiesUseCase.swift */ = {isa = PBXFileReference; fileEncoding = 4; lastKnownFileType = sourcecode.swift; path = GetCitiesUseCase.swift; sourceTree = "<group>"; };
		C5CDA7192886E08E007C9659 /* GetForecastUseCase.swift */ = {isa = PBXFileReference; fileEncoding = 4; lastKnownFileType = sourcecode.swift; path = GetForecastUseCase.swift; sourceTree = "<group>"; };
		C5CDA7272886E0EC007C9659 /* CityDataSourceAPIImpl.swift */ = {isa = PBXFileReference; fileEncoding = 4; lastKnownFileType = sourcecode.swift; path = CityDataSourceAPIImpl.swift; sourceTree = "<group>"; };
		C5CDA7282886E0EC007C9659 /* ForecastAPIImpl.swift */ = {isa = PBXFileReference; fileEncoding = 4; lastKnownFileType = sourcecode.swift; path = ForecastAPIImpl.swift; sourceTree = "<group>"; };
		C5CDA7292886E0EC007C9659 /* CurrentConditionsAPIImpl.swift */ = {isa = PBXFileReference; fileEncoding = 4; lastKnownFileType = sourcecode.swift; path = CurrentConditionsAPIImpl.swift; sourceTree = "<group>"; };
		C5CDA72F2886E0EC007C9659 /* CityDataSource.swift */ = {isa = PBXFileReference; fileEncoding = 4; lastKnownFileType = sourcecode.swift; path = CityDataSource.swift; sourceTree = "<group>"; };
		C5CDA7302886E0EC007C9659 /* CurrentConditionsDataSource.swift */ = {isa = PBXFileReference; fileEncoding = 4; lastKnownFileType = sourcecode.swift; path = CurrentConditionsDataSource.swift; sourceTree = "<group>"; };
		C5CDA7312886E0EC007C9659 /* ForecastDataSource.swift */ = {isa = PBXFileReference; fileEncoding = 4; lastKnownFileType = sourcecode.swift; path = ForecastDataSource.swift; sourceTree = "<group>"; };
		C5CDA7332886E0EC007C9659 /* NetworkingService.swift */ = {isa = PBXFileReference; fileEncoding = 4; lastKnownFileType = sourcecode.swift; path = NetworkingService.swift; sourceTree = "<group>"; };
		C5CDA7352886E0EC007C9659 /* APIServiceError.swift */ = {isa = PBXFileReference; fileEncoding = 4; lastKnownFileType = sourcecode.swift; path = APIServiceError.swift; sourceTree = "<group>"; };
		C5CDA7362886E0EC007C9659 /* URLConstants.swift */ = {isa = PBXFileReference; fileEncoding = 4; lastKnownFileType = sourcecode.swift; path = URLConstants.swift; sourceTree = "<group>"; };
		C5CDA7382886E0EC007C9659 /* ForecastRepositoryImpl.swift */ = {isa = PBXFileReference; fileEncoding = 4; lastKnownFileType = sourcecode.swift; path = ForecastRepositoryImpl.swift; sourceTree = "<group>"; };
		C5CDA7392886E0EC007C9659 /* CurrentConditionsRepositoryImpl.swift */ = {isa = PBXFileReference; fileEncoding = 4; lastKnownFileType = sourcecode.swift; path = CurrentConditionsRepositoryImpl.swift; sourceTree = "<group>"; };
		C5CDA73A2886E0EC007C9659 /* CityRepositoryImpl.swift */ = {isa = PBXFileReference; fileEncoding = 4; lastKnownFileType = sourcecode.swift; path = CityRepositoryImpl.swift; sourceTree = "<group>"; };
		C5CDA7782886E8CC007C9659 /* Observable.swift */ = {isa = PBXFileReference; fileEncoding = 4; lastKnownFileType = sourcecode.swift; path = Observable.swift; sourceTree = "<group>"; };
		C5CDA7792886E8CC007C9659 /* Storyboardable.swift */ = {isa = PBXFileReference; fileEncoding = 4; lastKnownFileType = sourcecode.swift; path = Storyboardable.swift; sourceTree = "<group>"; };
		C5CDA7842886E9F4007C9659 /* WeatherHomeCoordinator.swift */ = {isa = PBXFileReference; lastKnownFileType = sourcecode.swift; path = WeatherHomeCoordinator.swift; sourceTree = "<group>"; };
		C5CDA78B2886ECAB007C9659 /* SearchCityCoordinator.swift */ = {isa = PBXFileReference; lastKnownFileType = sourcecode.swift; path = SearchCityCoordinator.swift; sourceTree = "<group>"; };
		C5CDA78F2886ED22007C9659 /* CityDetailCoordinator.swift */ = {isa = PBXFileReference; lastKnownFileType = sourcecode.swift; path = CityDetailCoordinator.swift; sourceTree = "<group>"; };
		C5CDA7942886EDCB007C9659 /* AddedCityCoordinator.swift */ = {isa = PBXFileReference; lastKnownFileType = sourcecode.swift; path = AddedCityCoordinator.swift; sourceTree = "<group>"; };
		C5CDA7A12887249E007C9659 /* CityResponseDTO+Response.swift */ = {isa = PBXFileReference; lastKnownFileType = sourcecode.swift; path = "CityResponseDTO+Response.swift"; sourceTree = "<group>"; };
		C5CDA7A5288728E6007C9659 /* CurrentConditionsResponseDTO.swift */ = {isa = PBXFileReference; lastKnownFileType = sourcecode.swift; path = CurrentConditionsResponseDTO.swift; sourceTree = "<group>"; };
		C5CDA7A9288729E6007C9659 /* ForecastResponseDTO.swift */ = {isa = PBXFileReference; lastKnownFileType = sourcecode.swift; path = ForecastResponseDTO.swift; sourceTree = "<group>"; };
		C5CDA7AD28876512007C9659 /* SaveCityUseCase.swift */ = {isa = PBXFileReference; lastKnownFileType = sourcecode.swift; path = SaveCityUseCase.swift; sourceTree = "<group>"; };
		C5CDA7B128876759007C9659 /* RemoveCityUseCase.swift */ = {isa = PBXFileReference; lastKnownFileType = sourcecode.swift; path = RemoveCityUseCase.swift; sourceTree = "<group>"; };
/* End PBXFileReference section */

/* Begin PBXFrameworksBuildPhase section */
		C56BBEFA28636D50001AACA9 /* Frameworks */ = {
			isa = PBXFrameworksBuildPhase;
			buildActionMask = 2147483647;
			files = (
			);
			runOnlyForDeploymentPostprocessing = 0;
		};
		C5C969BC285DABF0001DB652 /* Frameworks */ = {
			isa = PBXFrameworksBuildPhase;
			buildActionMask = 2147483647;
			files = (
				C5C969F7285DAE2F001DB652 /* Alamofire in Frameworks */,
			);
			runOnlyForDeploymentPostprocessing = 0;
		};
		C5C969D5285DABF2001DB652 /* Frameworks */ = {
			isa = PBXFrameworksBuildPhase;
			buildActionMask = 2147483647;
			files = (
			);
			runOnlyForDeploymentPostprocessing = 0;
		};
/* End PBXFrameworksBuildPhase section */

/* Begin PBXGroup section */
		C512DEB02877981200162BFB /* Domain */ = {
			isa = PBXGroup;
			children = (
				C59D404B285FB2B3009072C9 /* Entities */,
				C59E92A42881777400101204 /* Repository Interfaces */,
				C59E92A32881776E00101204 /* Use Cases */,
			);
			path = Domain;
			sourceTree = "<group>";
		};
		C512DEB22877985800162BFB /* Presentation */ = {
			isa = PBXGroup;
			children = (
				C59D4046285F9A34009072C9 /* Extensions */,
				C5CDA76D2886E7FB007C9659 /* UIKit */,
				C512DECD2877A8B000162BFB /* WeatherApp Scenes */,
			);
			path = Presentation;
			sourceTree = "<group>";
		};
		C512DEB32877986900162BFB /* Resources */ = {
			isa = PBXGroup;
			children = (
				C5C969CE285DABF2001DB652 /* Assets.xcassets */,
			);
			path = Resources;
			sourceTree = "<group>";
		};
		C512DEB42877988500162BFB /* CoreData Storage */ = {
			isa = PBXGroup;
			children = (
				C5C969CB285DABF0001DB652 /* TheWeatherApp.xcdatamodeld */,
			);
			path = "CoreData Storage";
			sourceTree = "<group>";
		};
		C512DEB62877994200162BFB /* StandardUserDefaults Storage */ = {
			isa = PBXGroup;
			children = (
				C59D409928614304009072C9 /* StandardUserDefaultsHelper.swift */,
				C59D40882860DDA7009072C9 /* SharedAppData.swift */,
			);
			path = "StandardUserDefaults Storage";
			sourceTree = "<group>";
		};
		C512DEBA28779EC700162BFB /* WeatherDetailCollectionViewCells */ = {
			isa = PBXGroup;
			children = (
				C59D408C286110F3009072C9 /* WeatherDetailCollectionViewCell.swift */,
				C59D408D286110F3009072C9 /* WeatherDetailCollectionViewCell.xib */,
			);
			path = WeatherDetailCollectionViewCells;
			sourceTree = "<group>";
		};
		C512DEBF2877A18000162BFB /* Storyboards */ = {
			isa = PBXGroup;
			children = (
				C5C969C8285DABF0001DB652 /* Main.storyboard */,
			);
			path = Storyboards;
			sourceTree = "<group>";
		};
		C512DEC02877A1B500162BFB /* DailyForecastTableViewCells */ = {
			isa = PBXGroup;
			children = (
				C56BBEEC2863419F001AACA9 /* DailyForecastTableViewCell.swift */,
				C56BBEED2863419F001AACA9 /* DailyForecastTableViewCell.xib */,
			);
			path = DailyForecastTableViewCells;
			sourceTree = "<group>";
		};
		C512DEC12877A2B600162BFB /* SearchCity */ = {
			isa = PBXGroup;
			children = (
				C5CDA78B2886ECAB007C9659 /* SearchCityCoordinator.swift */,
				C512DEC32877A2C900162BFB /* View */,
				C512DEC22877A2C200162BFB /* ViewModel */,
			);
			path = SearchCity;
			sourceTree = "<group>";
		};
		C512DEC22877A2C200162BFB /* ViewModel */ = {
			isa = PBXGroup;
			children = (
				C59D4060285FD18C009072C9 /* SearchCityViewModel.swift */,
			);
			path = ViewModel;
			sourceTree = "<group>";
		};
		C512DEC32877A2C900162BFB /* View */ = {
			isa = PBXGroup;
			children = (
				C59D405C285FD132009072C9 /* SearchCityViewController.swift */,
				C512DEC92877A60D00162BFB /* Cells */,
			);
			path = View;
			sourceTree = "<group>";
		};
		C512DEC42877A31400162BFB /* Cells */ = {
			isa = PBXGroup;
			children = (
				C512DEBA28779EC700162BFB /* WeatherDetailCollectionViewCells */,
				C512DEC02877A1B500162BFB /* DailyForecastTableViewCells */,
			);
			path = Cells;
			sourceTree = "<group>";
		};
		C512DEC52877A36600162BFB /* SavedWeatherCity */ = {
			isa = PBXGroup;
			children = (
			);
			path = SavedWeatherCity;
			sourceTree = "<group>";
		};
		C512DEC62877A37200162BFB /* View */ = {
			isa = PBXGroup;
			children = (
				C5C96A32285F8982001DB652 /* AddedCityViewController.swift */,
				C512DED22877B37A00162BFB /* Cells */,
			);
			path = View;
			sourceTree = "<group>";
		};
		C512DEC72877A37700162BFB /* ViewModel */ = {
			isa = PBXGroup;
			children = (
				C59D40782860465D009072C9 /* AddedCityViewModel.swift */,
				C512DECE2877B10D00162BFB /* WeatherTableViewCellViewModel.swift */,
			);
			path = ViewModel;
			sourceTree = "<group>";
		};
		C512DEC82877A48700162BFB /* View */ = {
			isa = PBXGroup;
			children = (
				C59D409D286154FD009072C9 /* CityDetailViewController.swift */,
			);
			path = View;
			sourceTree = "<group>";
		};
		C512DEC92877A60D00162BFB /* Cells */ = {
			isa = PBXGroup;
			children = (
				C512DECA2877A61800162BFB /* SearchCityTableViewCell */,
			);
			path = Cells;
			sourceTree = "<group>";
		};
		C512DECA2877A61800162BFB /* SearchCityTableViewCell */ = {
			isa = PBXGroup;
			children = (
				C59D4054285FCEF7009072C9 /* CityTableViewCell.swift */,
				C59D4055285FCEF7009072C9 /* CityTableViewCell.xib */,
			);
			path = SearchCityTableViewCell;
			sourceTree = "<group>";
		};
		C512DECB2877A75500162BFB /* Application */ = {
			isa = PBXGroup;
			children = (
				C5C969C2285DABF0001DB652 /* AppDelegate.swift */,
				C5CDA6F22886DEA8007C9659 /* AppCoordinator.swift */,
				C5C969FB285DB162001DB652 /* Configurations */,
				C5C96A12285E2EF6001DB652 /* InfoDictionaryKey.swift */,
				C5C969D0285DABF2001DB652 /* LaunchScreen.storyboard */,
				C5C969C4285DABF0001DB652 /* SceneDelegate.swift */,
				C5CDA6FB2886DFC0007C9659 /* AppConfiguration.swift */,
			);
			path = Application;
			sourceTree = "<group>";
		};
		C512DECD2877A8B000162BFB /* WeatherApp Scenes */ = {
			isa = PBXGroup;
			children = (
				C512DEC52877A36600162BFB /* SavedWeatherCity */,
			);
			path = "WeatherApp Scenes";
			sourceTree = "<group>";
		};
		C512DED22877B37A00162BFB /* Cells */ = {
			isa = PBXGroup;
			children = (
				C5C96A04285DC0B0001DB652 /* SavedCityTableViewCell */,
			);
			path = Cells;
			sourceTree = "<group>";
		};
		C56BBEFE28636D50001AACA9 /* TheWeatherAppUITests */ = {
			isa = PBXGroup;
			children = (
				C56BBEFF28636D50001AACA9 /* TheWeatherAppUITests.swift */,
				C56BBF0128636D50001AACA9 /* TheWeatherAppUITestsLaunchTests.swift */,
			);
			path = TheWeatherAppUITests;
			sourceTree = "<group>";
		};
		C59D4046285F9A34009072C9 /* Extensions */ = {
			isa = PBXGroup;
			children = (
				C59D4047285F9A51009072C9 /* UIStackView+Extension.swift */,
				C59D4068285FD417009072C9 /* Storyboard+Extension.swift */,
				C59D407028603441009072C9 /* UIViewController+Extension.swift */,
				C59D40802860D05B009072C9 /* Date+Extension.swift */,
			);
			path = Extensions;
			sourceTree = "<group>";
		};
		C59D404B285FB2B3009072C9 /* Entities */ = {
			isa = PBXGroup;
			children = (
				C5CDA70C2886E073007C9659 /* City.swift */,
				C5CDA70D2886E073007C9659 /* CurrentConditions.swift */,
				C5CDA70B2886E073007C9659 /* Forecast.swift */,
			);
			path = Entities;
			sourceTree = "<group>";
		};
		C59E92A32881776E00101204 /* Use Cases */ = {
			isa = PBXGroup;
			children = (
				C5CDA7AD28876512007C9659 /* SaveCityUseCase.swift */,
				C5CDA7B128876759007C9659 /* RemoveCityUseCase.swift */,
				C5CDA7182886E08E007C9659 /* GetCitiesUseCase.swift */,
				C5CDA7172886E08E007C9659 /* GetCurrentConditionsUseCase.swift */,
				C5CDA7192886E08E007C9659 /* GetForecastUseCase.swift */,
			);
			path = "Use Cases";
			sourceTree = "<group>";
		};
		C59E92A42881777400101204 /* Repository Interfaces */ = {
			isa = PBXGroup;
			children = (
				C5CDA7002886E03C007C9659 /* CityRepositoryProtocol.swift */,
				C5CDA6FF2886E03C007C9659 /* CurrentConditionsRepositoryProtocol.swift */,
				C5CDA7012886E03C007C9659 /* ForecastRepositoryProtocol.swift */,
			);
			path = "Repository Interfaces";
			sourceTree = "<group>";
		};
		C5C969B6285DABF0001DB652 = {
			isa = PBXGroup;
			children = (
				C5C969C1285DABF0001DB652 /* TheWeatherApp */,
				C5C969DB285DABF2001DB652 /* TheWeatherAppTests */,
				C56BBEFE28636D50001AACA9 /* TheWeatherAppUITests */,
				C5C969C0285DABF0001DB652 /* Products */,
			);
			sourceTree = "<group>";
		};
		C5C969C0285DABF0001DB652 /* Products */ = {
			isa = PBXGroup;
			children = (
				C5C969BF285DABF0001DB652 /* TheWeatherApp.app */,
				C5C969D8285DABF2001DB652 /* TheWeatherAppTests.xctest */,
				C56BBEFD28636D50001AACA9 /* TheWeatherAppUITests.xctest */,
			);
			name = Products;
			sourceTree = "<group>";
		};
		C5C969C1285DABF0001DB652 /* TheWeatherApp */ = {
			isa = PBXGroup;
			children = (
				C512DECB2877A75500162BFB /* Application */,
				C512DEB02877981200162BFB /* Domain */,
				C5CDA6F62886DEED007C9659 /* Util */,
				C5C969D3285DABF2001DB652 /* Info.plist */,
				C5CDA7232886E0EC007C9659 /* Data */,
				C512DEB22877985800162BFB /* Presentation */,
				C512DEB32877986900162BFB /* Resources */,
			);
			path = TheWeatherApp;
			sourceTree = "<group>";
		};
		C5C969DB285DABF2001DB652 /* TheWeatherAppTests */ = {
			isa = PBXGroup;
			children = (
				C56BBEF628635D74001AACA9 /* TheWeatherAppApiTests.swift */,
				C5C969DC285DABF2001DB652 /* TheWeatherAppTests.swift */,
			);
			path = TheWeatherAppTests;
			sourceTree = "<group>";
		};
		C5C969F8285DAE3A001DB652 /* CityDetail */ = {
			isa = PBXGroup;
			children = (
				C5CDA78F2886ED22007C9659 /* CityDetailCoordinator.swift */,
				C512DEC82877A48700162BFB /* View */,
			);
			path = CityDetail;
			sourceTree = "<group>";
		};
		C5C969FB285DB162001DB652 /* Configurations */ = {
			isa = PBXGroup;
			children = (
				C5C969FC285DB1F0001DB652 /* DebugConfig.xcconfig */,
				C5C96A00285DB206001DB652 /* ReleaseConfig.xcconfig */,
			);
			path = Configurations;
			sourceTree = "<group>";
		};
		C5C96A04285DC0B0001DB652 /* SavedCityTableViewCell */ = {
			isa = PBXGroup;
			children = (
				C59D403E285F980F009072C9 /* WeatherTableViewCell.swift */,
				C59D403F285F980F009072C9 /* WeatherTableViewCell.xib */,
			);
			path = SavedCityTableViewCell;
			sourceTree = "<group>";
		};
		C5CDA6F62886DEED007C9659 /* Util */ = {
			isa = PBXGroup;
			children = (
				C5CDA6F72886DEFC007C9659 /* Coordinator.swift */,
			);
			path = Util;
			sourceTree = "<group>";
		};
		C5CDA7232886E0EC007C9659 /* Data */ = {
			isa = PBXGroup;
			children = (
				C5CDA7682886E222007C9659 /* Persistent Storage */,
				C5CDA7242886E0EC007C9659 /* DataSource */,
				C5CDA7322886E0EC007C9659 /* Networking */,
				C5CDA7372886E0EC007C9659 /* Repositories */,
			);
			path = Data;
			sourceTree = "<group>";
		};
		C5CDA7242886E0EC007C9659 /* DataSource */ = {
			isa = PBXGroup;
			children = (
				C5CDA7252886E0EC007C9659 /* API */,
				C5CDA72E2886E0EC007C9659 /* Protocols */,
			);
			path = DataSource;
			sourceTree = "<group>";
		};
		C5CDA7252886E0EC007C9659 /* API */ = {
			isa = PBXGroup;
			children = (
				C5CDA7262886E0EC007C9659 /* Protocol Implementations */,
			);
			path = API;
			sourceTree = "<group>";
		};
		C5CDA7262886E0EC007C9659 /* Protocol Implementations */ = {
			isa = PBXGroup;
			children = (
				C5CDA7272886E0EC007C9659 /* CityDataSourceAPIImpl.swift */,
				C5CDA7282886E0EC007C9659 /* ForecastAPIImpl.swift */,
				C5CDA7292886E0EC007C9659 /* CurrentConditionsAPIImpl.swift */,
			);
			path = "Protocol Implementations";
			sourceTree = "<group>";
		};
		C5CDA72E2886E0EC007C9659 /* Protocols */ = {
			isa = PBXGroup;
			children = (
				C5CDA72F2886E0EC007C9659 /* CityDataSource.swift */,
				C5CDA7302886E0EC007C9659 /* CurrentConditionsDataSource.swift */,
				C5CDA7312886E0EC007C9659 /* ForecastDataSource.swift */,
			);
			path = Protocols;
			sourceTree = "<group>";
		};
		C5CDA7322886E0EC007C9659 /* Networking */ = {
			isa = PBXGroup;
			children = (
				C5CDA7A028872434007C9659 /* DataMapping */,
				C5CDA7332886E0EC007C9659 /* NetworkingService.swift */,
				C5CDA7342886E0EC007C9659 /* Errors */,
				C5CDA7362886E0EC007C9659 /* URLConstants.swift */,
			);
			path = Networking;
			sourceTree = "<group>";
		};
		C5CDA7342886E0EC007C9659 /* Errors */ = {
			isa = PBXGroup;
			children = (
				C5CDA7352886E0EC007C9659 /* APIServiceError.swift */,
			);
			path = Errors;
			sourceTree = "<group>";
		};
		C5CDA7372886E0EC007C9659 /* Repositories */ = {
			isa = PBXGroup;
			children = (
				C5CDA7382886E0EC007C9659 /* ForecastRepositoryImpl.swift */,
				C5CDA7392886E0EC007C9659 /* CurrentConditionsRepositoryImpl.swift */,
				C5CDA73A2886E0EC007C9659 /* CityRepositoryImpl.swift */,
			);
			path = Repositories;
			sourceTree = "<group>";
		};
		C5CDA7682886E222007C9659 /* Persistent Storage */ = {
			isa = PBXGroup;
			children = (
				C512DEB42877988500162BFB /* CoreData Storage */,
				C512DEB62877994200162BFB /* StandardUserDefaults Storage */,
			);
			path = "Persistent Storage";
			sourceTree = "<group>";
		};
		C5CDA76D2886E7FB007C9659 /* UIKit */ = {
			isa = PBXGroup;
			children = (
				C5CDA7802886E8D5007C9659 /* Utils */,
				C512DEBF2877A18000162BFB /* Storyboards */,
				C5CDA7812886E982007C9659 /* Scenes */,
			);
			path = UIKit;
			sourceTree = "<group>";
		};
		C5CDA7802886E8D5007C9659 /* Utils */ = {
			isa = PBXGroup;
			children = (
				C5CDA7782886E8CC007C9659 /* Observable.swift */,
				C5CDA7792886E8CC007C9659 /* Storyboardable.swift */,
			);
			path = Utils;
			sourceTree = "<group>";
		};
		C5CDA7812886E982007C9659 /* Scenes */ = {
			isa = PBXGroup;
			children = (
				C59D4064285FD27F009072C9 /* BaseViewModelDelegate.swift */,
				C5CDA7822886E9CA007C9659 /* WeatherHome */,
				C5CDA7932886EDA8007C9659 /* AddedCity */,
				C512DEC12877A2B600162BFB /* SearchCity */,
				C5C969F8285DAE3A001DB652 /* CityDetail */,
			);
			path = Scenes;
			sourceTree = "<group>";
		};
		C5CDA7822886E9CA007C9659 /* WeatherHome */ = {
			isa = PBXGroup;
			children = (
				C5CDA7842886E9F4007C9659 /* WeatherHomeCoordinator.swift */,
				C5CDA78A2886EAD1007C9659 /* Views */,
				C5CDA7892886EAC7007C9659 /* ViewModels */,
			);
			path = WeatherHome;
			sourceTree = "<group>";
		};
		C5CDA7892886EAC7007C9659 /* ViewModels */ = {
			isa = PBXGroup;
			children = (
				C5C96A36285F8A87001DB652 /* WeatherHomeViewModel.swift */,
				C512DEBB28779F1000162BFB /* WeatherDetailCollectionViewCellViewModel.swift */,
			);
			path = ViewModels;
			sourceTree = "<group>";
		};
		C5CDA78A2886EAD1007C9659 /* Views */ = {
			isa = PBXGroup;
			children = (
				C59D407428604591009072C9 /* WeatherHomeViewController.swift */,
				C512DEC42877A31400162BFB /* Cells */,
			);
			path = Views;
			sourceTree = "<group>";
		};
		C5CDA7932886EDA8007C9659 /* AddedCity */ = {
			isa = PBXGroup;
			children = (
				C5CDA7942886EDCB007C9659 /* AddedCityCoordinator.swift */,
				C512DEC62877A37200162BFB /* View */,
				C512DEC72877A37700162BFB /* ViewModel */,
			);
			path = AddedCity;
			sourceTree = "<group>";
		};
		C5CDA7A028872434007C9659 /* DataMapping */ = {
			isa = PBXGroup;
			children = (
				C5CDA7A12887249E007C9659 /* CityResponseDTO+Response.swift */,
				C5CDA7A5288728E6007C9659 /* CurrentConditionsResponseDTO.swift */,
				C5CDA7A9288729E6007C9659 /* ForecastResponseDTO.swift */,
			);
			path = DataMapping;
			sourceTree = "<group>";
		};
/* End PBXGroup section */

/* Begin PBXNativeTarget section */
		C56BBEFC28636D50001AACA9 /* TheWeatherAppUITests */ = {
			isa = PBXNativeTarget;
			buildConfigurationList = C56BBF0528636D50001AACA9 /* Build configuration list for PBXNativeTarget "TheWeatherAppUITests" */;
			buildPhases = (
				C56BBEF928636D50001AACA9 /* Sources */,
				C56BBEFA28636D50001AACA9 /* Frameworks */,
				C56BBEFB28636D50001AACA9 /* Resources */,
			);
			buildRules = (
			);
			dependencies = (
				C56BBF0428636D50001AACA9 /* PBXTargetDependency */,
			);
			name = TheWeatherAppUITests;
			productName = TheWeatherAppUITests;
			productReference = C56BBEFD28636D50001AACA9 /* TheWeatherAppUITests.xctest */;
			productType = "com.apple.product-type.bundle.ui-testing";
		};
		C5C969BE285DABF0001DB652 /* TheWeatherApp */ = {
			isa = PBXNativeTarget;
			buildConfigurationList = C5C969EC285DABF2001DB652 /* Build configuration list for PBXNativeTarget "TheWeatherApp" */;
			buildPhases = (
				C5C969BB285DABF0001DB652 /* Sources */,
				C5C969BC285DABF0001DB652 /* Frameworks */,
				C5C969BD285DABF0001DB652 /* Resources */,
			);
			buildRules = (
			);
			dependencies = (
			);
			name = TheWeatherApp;
			packageProductDependencies = (
				C5C969F6285DAE2F001DB652 /* Alamofire */,
			);
			productName = TheWeatherApp;
			productReference = C5C969BF285DABF0001DB652 /* TheWeatherApp.app */;
			productType = "com.apple.product-type.application";
		};
		C5C969D7285DABF2001DB652 /* TheWeatherAppTests */ = {
			isa = PBXNativeTarget;
			buildConfigurationList = C5C969EF285DABF2001DB652 /* Build configuration list for PBXNativeTarget "TheWeatherAppTests" */;
			buildPhases = (
				C5C969D4285DABF2001DB652 /* Sources */,
				C5C969D5285DABF2001DB652 /* Frameworks */,
				C5C969D6285DABF2001DB652 /* Resources */,
			);
			buildRules = (
			);
			dependencies = (
				C5C969DA285DABF2001DB652 /* PBXTargetDependency */,
			);
			name = TheWeatherAppTests;
			productName = TheWeatherAppTests;
			productReference = C5C969D8285DABF2001DB652 /* TheWeatherAppTests.xctest */;
			productType = "com.apple.product-type.bundle.unit-test";
		};
/* End PBXNativeTarget section */

/* Begin PBXProject section */
		C5C969B7285DABF0001DB652 /* Project object */ = {
			isa = PBXProject;
			attributes = {
				BuildIndependentTargetsInParallel = 1;
				LastSwiftUpdateCheck = 1340;
				LastUpgradeCheck = 1340;
				TargetAttributes = {
					C56BBEFC28636D50001AACA9 = {
						CreatedOnToolsVersion = 13.4.1;
						TestTargetID = C5C969BE285DABF0001DB652;
					};
					C5C969BE285DABF0001DB652 = {
						CreatedOnToolsVersion = 13.4.1;
					};
					C5C969D7285DABF2001DB652 = {
						CreatedOnToolsVersion = 13.4.1;
						TestTargetID = C5C969BE285DABF0001DB652;
					};
				};
			};
			buildConfigurationList = C5C969BA285DABF0001DB652 /* Build configuration list for PBXProject "TheWeatherApp" */;
			compatibilityVersion = "Xcode 13.0";
			developmentRegion = en;
			hasScannedForEncodings = 0;
			knownRegions = (
				en,
				Base,
			);
			mainGroup = C5C969B6285DABF0001DB652;
			packageReferences = (
				C5C969F5285DAE2F001DB652 /* XCRemoteSwiftPackageReference "Alamofire" */,
			);
			productRefGroup = C5C969C0285DABF0001DB652 /* Products */;
			projectDirPath = "";
			projectRoot = "";
			targets = (
				C5C969BE285DABF0001DB652 /* TheWeatherApp */,
				C5C969D7285DABF2001DB652 /* TheWeatherAppTests */,
				C56BBEFC28636D50001AACA9 /* TheWeatherAppUITests */,
			);
		};
/* End PBXProject section */

/* Begin PBXResourcesBuildPhase section */
		C56BBEFB28636D50001AACA9 /* Resources */ = {
			isa = PBXResourcesBuildPhase;
			buildActionMask = 2147483647;
			files = (
			);
			runOnlyForDeploymentPostprocessing = 0;
		};
		C5C969BD285DABF0001DB652 /* Resources */ = {
			isa = PBXResourcesBuildPhase;
			buildActionMask = 2147483647;
			files = (
				C5C969FD285DB1F0001DB652 /* DebugConfig.xcconfig in Resources */,
				C56BBEF12863419F001AACA9 /* DailyForecastTableViewCell.xib in Resources */,
				C5C969D2285DABF2001DB652 /* LaunchScreen.storyboard in Resources */,
				C5C96A01285DB206001DB652 /* ReleaseConfig.xcconfig in Resources */,
				C5C969CF285DABF2001DB652 /* Assets.xcassets in Resources */,
				C59D4059285FCEF7009072C9 /* CityTableViewCell.xib in Resources */,
				C59D4043285F980F009072C9 /* WeatherTableViewCell.xib in Resources */,
				C59D4091286110F3009072C9 /* WeatherDetailCollectionViewCell.xib in Resources */,
				C5C969CA285DABF0001DB652 /* Main.storyboard in Resources */,
			);
			runOnlyForDeploymentPostprocessing = 0;
		};
		C5C969D6285DABF2001DB652 /* Resources */ = {
			isa = PBXResourcesBuildPhase;
			buildActionMask = 2147483647;
			files = (
				C5C96A02285DB206001DB652 /* ReleaseConfig.xcconfig in Resources */,
				C59D4044285F980F009072C9 /* WeatherTableViewCell.xib in Resources */,
				C59D405A285FCEF7009072C9 /* CityTableViewCell.xib in Resources */,
				C5C969FE285DB1F0001DB652 /* DebugConfig.xcconfig in Resources */,
				C56BBEF22863419F001AACA9 /* DailyForecastTableViewCell.xib in Resources */,
				C59D4092286110F3009072C9 /* WeatherDetailCollectionViewCell.xib in Resources */,
			);
			runOnlyForDeploymentPostprocessing = 0;
		};
/* End PBXResourcesBuildPhase section */

/* Begin PBXSourcesBuildPhase section */
		C56BBEF928636D50001AACA9 /* Sources */ = {
			isa = PBXSourcesBuildPhase;
			buildActionMask = 2147483647;
			files = (
				C5CDA7AC288729E6007C9659 /* ForecastResponseDTO.swift in Sources */,
				C56BBF0028636D50001AACA9 /* TheWeatherAppUITests.swift in Sources */,
				C5CDA7B428876759007C9659 /* RemoveCityUseCase.swift in Sources */,
				C5CDA7872886E9F4007C9659 /* WeatherHomeCoordinator.swift in Sources */,
				C5CDA70A2886E03C007C9659 /* ForecastRepositoryProtocol.swift in Sources */,
				C5CDA7642886E0EC007C9659 /* CurrentConditionsRepositoryImpl.swift in Sources */,
				C5CDA7222886E08E007C9659 /* GetForecastUseCase.swift in Sources */,
				C5CDA74F2886E0EC007C9659 /* CityDataSource.swift in Sources */,
				C5CDA7552886E0EC007C9659 /* ForecastDataSource.swift in Sources */,
				C5CDA7972886EDCB007C9659 /* AddedCityCoordinator.swift in Sources */,
				C5CDA7672886E0EC007C9659 /* CityRepositoryImpl.swift in Sources */,
				C5CDA6FA2886DEFC007C9659 /* Coordinator.swift in Sources */,
				C5CDA7132886E073007C9659 /* City.swift in Sources */,
				C5CDA7582886E0EC007C9659 /* NetworkingService.swift in Sources */,
				C5CDA7042886E03C007C9659 /* CurrentConditionsRepositoryProtocol.swift in Sources */,
				C5CDA7A8288728E6007C9659 /* CurrentConditionsResponseDTO.swift in Sources */,
				C5CDA75B2886E0EC007C9659 /* APIServiceError.swift in Sources */,
				C5CDA7A42887249E007C9659 /* CityResponseDTO+Response.swift in Sources */,
				C5CDA7B028876512007C9659 /* SaveCityUseCase.swift in Sources */,
				C5CDA77F2886E8CC007C9659 /* Storyboardable.swift in Sources */,
				C5CDA7882886EA43007C9659 /* WeatherHomeViewController.swift in Sources */,
				C5CDA78E2886ECAB007C9659 /* SearchCityCoordinator.swift in Sources */,
				C5CDA73D2886E0EC007C9659 /* CityDataSourceAPIImpl.swift in Sources */,
				C5CDA71F2886E08E007C9659 /* GetCitiesUseCase.swift in Sources */,
				C5CDA7432886E0EC007C9659 /* CurrentConditionsAPIImpl.swift in Sources */,
				C5CDA75E2886E0EC007C9659 /* URLConstants.swift in Sources */,
				C5CDA6F52886DEA8007C9659 /* AppCoordinator.swift in Sources */,
				C5CDA7612886E0EC007C9659 /* ForecastRepositoryImpl.swift in Sources */,
				C5CDA77C2886E8CC007C9659 /* Observable.swift in Sources */,
				C5CDA7162886E073007C9659 /* CurrentConditions.swift in Sources */,
				C512DEBE28779F1000162BFB /* WeatherDetailCollectionViewCellViewModel.swift in Sources */,
				C5CDA6FE2886DFC0007C9659 /* AppConfiguration.swift in Sources */,
				C5CDA71C2886E08E007C9659 /* GetCurrentConditionsUseCase.swift in Sources */,
				C5CDA7102886E073007C9659 /* Forecast.swift in Sources */,
				C5CDA7522886E0EC007C9659 /* CurrentConditionsDataSource.swift in Sources */,
				C5CDA7402886E0EC007C9659 /* ForecastAPIImpl.swift in Sources */,
				C56BBF0228636D50001AACA9 /* TheWeatherAppUITestsLaunchTests.swift in Sources */,
				C5CDA7922886ED22007C9659 /* CityDetailCoordinator.swift in Sources */,
				C5CDA7072886E03C007C9659 /* CityRepositoryProtocol.swift in Sources */,
			);
			runOnlyForDeploymentPostprocessing = 0;
		};
		C5C969BB285DABF0001DB652 /* Sources */ = {
			isa = PBXSourcesBuildPhase;
			buildActionMask = 2147483647;
			files = (
				C5CDA7952886EDCB007C9659 /* AddedCityCoordinator.swift in Sources */,
				C5CDA7A6288728E6007C9659 /* CurrentConditionsResponseDTO.swift in Sources */,
				C59D40812860D05B009072C9 /* Date+Extension.swift in Sources */,
				C59D40792860465D009072C9 /* AddedCityViewModel.swift in Sources */,
				C5C969CD285DABF0001DB652 /* TheWeatherApp.xcdatamodeld in Sources */,
				C5CDA75C2886E0EC007C9659 /* URLConstants.swift in Sources */,
				C5CDA71D2886E08E007C9659 /* GetCitiesUseCase.swift in Sources */,
				C5CDA7532886E0EC007C9659 /* ForecastDataSource.swift in Sources */,
				C59D409E286154FD009072C9 /* CityDetailViewController.swift in Sources */,
				C5CDA7AE28876512007C9659 /* SaveCityUseCase.swift in Sources */,
				C5CDA6F32886DEA8007C9659 /* AppCoordinator.swift in Sources */,
				C5C96A33285F8983001DB652 /* AddedCityViewController.swift in Sources */,
				C5CDA7082886E03C007C9659 /* ForecastRepositoryProtocol.swift in Sources */,
				C59D4065285FD27F009072C9 /* BaseViewModelDelegate.swift in Sources */,
				C5CDA73B2886E0EC007C9659 /* CityDataSourceAPIImpl.swift in Sources */,
				C5CDA7562886E0EC007C9659 /* NetworkingService.swift in Sources */,
				C59D4040285F980F009072C9 /* WeatherTableViewCell.swift in Sources */,
				C5CDA77D2886E8CC007C9659 /* Storyboardable.swift in Sources */,
				C5C96A13285E2EF6001DB652 /* InfoDictionaryKey.swift in Sources */,
				C59D4048285F9A51009072C9 /* UIStackView+Extension.swift in Sources */,
				C59D409A28614304009072C9 /* StandardUserDefaultsHelper.swift in Sources */,
				C5CDA71A2886E08E007C9659 /* GetCurrentConditionsUseCase.swift in Sources */,
				C59D4061285FD18C009072C9 /* SearchCityViewModel.swift in Sources */,
				C5CDA77A2886E8CC007C9659 /* Observable.swift in Sources */,
				C59D405D285FD132009072C9 /* SearchCityViewController.swift in Sources */,
				C5CDA7412886E0EC007C9659 /* CurrentConditionsAPIImpl.swift in Sources */,
				C5CDA6F82886DEFC007C9659 /* Coordinator.swift in Sources */,
				C5CDA7A22887249E007C9659 /* CityResponseDTO+Response.swift in Sources */,
				C5C96A37285F8A87001DB652 /* WeatherHomeViewModel.swift in Sources */,
				C59D408E286110F3009072C9 /* WeatherDetailCollectionViewCell.swift in Sources */,
				C5CDA75F2886E0EC007C9659 /* ForecastRepositoryImpl.swift in Sources */,
				C512DEBC28779F1000162BFB /* WeatherDetailCollectionViewCellViewModel.swift in Sources */,
				C5CDA7622886E0EC007C9659 /* CurrentConditionsRepositoryImpl.swift in Sources */,
				C59D40892860DDA7009072C9 /* SharedAppData.swift in Sources */,
				C59D4069285FD417009072C9 /* Storyboard+Extension.swift in Sources */,
				C5CDA7592886E0EC007C9659 /* APIServiceError.swift in Sources */,
				C5CDA74D2886E0EC007C9659 /* CityDataSource.swift in Sources */,
				C5CDA7902886ED22007C9659 /* CityDetailCoordinator.swift in Sources */,
				C5C969C3285DABF0001DB652 /* AppDelegate.swift in Sources */,
				C5CDA7112886E073007C9659 /* City.swift in Sources */,
				C5CDA7502886E0EC007C9659 /* CurrentConditionsDataSource.swift in Sources */,
				C5CDA7AA288729E6007C9659 /* ForecastResponseDTO.swift in Sources */,
				C5CDA7652886E0EC007C9659 /* CityRepositoryImpl.swift in Sources */,
				C512DECF2877B10D00162BFB /* WeatherTableViewCellViewModel.swift in Sources */,
				C5CDA7B228876759007C9659 /* RemoveCityUseCase.swift in Sources */,
				C59D4056285FCEF7009072C9 /* CityTableViewCell.swift in Sources */,
				C5CDA6FC2886DFC0007C9659 /* AppConfiguration.swift in Sources */,
				C5CDA73E2886E0EC007C9659 /* ForecastAPIImpl.swift in Sources */,
				C5CDA7142886E073007C9659 /* CurrentConditions.swift in Sources */,
				C56BBEEE2863419F001AACA9 /* DailyForecastTableViewCell.swift in Sources */,
				C5CDA70E2886E073007C9659 /* Forecast.swift in Sources */,
				C5CDA7022886E03C007C9659 /* CurrentConditionsRepositoryProtocol.swift in Sources */,
				C5CDA78C2886ECAB007C9659 /* SearchCityCoordinator.swift in Sources */,
				C59D407128603441009072C9 /* UIViewController+Extension.swift in Sources */,
				C59D407528604591009072C9 /* WeatherHomeViewController.swift in Sources */,
				C5C969C5285DABF0001DB652 /* SceneDelegate.swift in Sources */,
				C5CDA7052886E03C007C9659 /* CityRepositoryProtocol.swift in Sources */,
				C5CDA7852886E9F4007C9659 /* WeatherHomeCoordinator.swift in Sources */,
				C5CDA7202886E08E007C9659 /* GetForecastUseCase.swift in Sources */,
			);
			runOnlyForDeploymentPostprocessing = 0;
		};
		C5C969D4285DABF2001DB652 /* Sources */ = {
			isa = PBXSourcesBuildPhase;
			buildActionMask = 2147483647;
			files = (
				C59D407228603441009072C9 /* UIViewController+Extension.swift in Sources */,
				C59D40822860D05B009072C9 /* Date+Extension.swift in Sources */,
				C5CDA6F92886DEFC007C9659 /* Coordinator.swift in Sources */,
				C5CDA7542886E0EC007C9659 /* ForecastDataSource.swift in Sources */,
				C5CDA7A32887249E007C9659 /* CityResponseDTO+Response.swift in Sources */,
				C5CDA71E2886E08E007C9659 /* GetCitiesUseCase.swift in Sources */,
				C59D4041285F980F009072C9 /* WeatherTableViewCell.swift in Sources */,
				C59D407628604591009072C9 /* WeatherHomeViewController.swift in Sources */,
				C56BBEF728635D74001AACA9 /* TheWeatherAppApiTests.swift in Sources */,
				C5CDA7AF28876512007C9659 /* SaveCityUseCase.swift in Sources */,
				C512DEBD28779F1000162BFB /* WeatherDetailCollectionViewCellViewModel.swift in Sources */,
				C5CDA7122886E073007C9659 /* City.swift in Sources */,
				C5CDA6F42886DEA8007C9659 /* AppCoordinator.swift in Sources */,
				C59D4062285FD18C009072C9 /* SearchCityViewModel.swift in Sources */,
				C5CDA7032886E03C007C9659 /* CurrentConditionsRepositoryProtocol.swift in Sources */,
				C5CDA7212886E08E007C9659 /* GetForecastUseCase.swift in Sources */,
				C5CDA70F2886E073007C9659 /* Forecast.swift in Sources */,
				C5CDA7572886E0EC007C9659 /* NetworkingService.swift in Sources */,
				C5CDA74E2886E0EC007C9659 /* CityDataSource.swift in Sources */,
				C512DED02877B10D00162BFB /* WeatherTableViewCellViewModel.swift in Sources */,
				C5C96A34285F8983001DB652 /* AddedCityViewController.swift in Sources */,
				C59D408F286110F3009072C9 /* WeatherDetailCollectionViewCell.swift in Sources */,
				C5CDA7862886E9F4007C9659 /* WeatherHomeCoordinator.swift in Sources */,
				C59D406A285FD417009072C9 /* Storyboard+Extension.swift in Sources */,
				C59D408A2860DDA7009072C9 /* SharedAppData.swift in Sources */,
				C5CDA71B2886E08E007C9659 /* GetCurrentConditionsUseCase.swift in Sources */,
				C5CDA7632886E0EC007C9659 /* CurrentConditionsRepositoryImpl.swift in Sources */,
				C5CDA7B328876759007C9659 /* RemoveCityUseCase.swift in Sources */,
				C5CDA7912886ED22007C9659 /* CityDetailCoordinator.swift in Sources */,
				C59D405E285FD132009072C9 /* SearchCityViewController.swift in Sources */,
				C5CDA7602886E0EC007C9659 /* ForecastRepositoryImpl.swift in Sources */,
				C5CDA6FD2886DFC0007C9659 /* AppConfiguration.swift in Sources */,
				C5CDA78D2886ECAB007C9659 /* SearchCityCoordinator.swift in Sources */,
				C56BBEEF2863419F001AACA9 /* DailyForecastTableViewCell.swift in Sources */,
				C59D4057285FCEF7009072C9 /* CityTableViewCell.swift in Sources */,
				C5CDA75D2886E0EC007C9659 /* URLConstants.swift in Sources */,
				C5CDA7A7288728E6007C9659 /* CurrentConditionsResponseDTO.swift in Sources */,
				C5CDA7512886E0EC007C9659 /* CurrentConditionsDataSource.swift in Sources */,
				C5CDA7062886E03C007C9659 /* CityRepositoryProtocol.swift in Sources */,
				C5CDA7422886E0EC007C9659 /* CurrentConditionsAPIImpl.swift in Sources */,
				C5C96A38285F8A87001DB652 /* WeatherHomeViewModel.swift in Sources */,
				C5CDA7662886E0EC007C9659 /* CityRepositoryImpl.swift in Sources */,
				C5CDA73C2886E0EC007C9659 /* CityDataSourceAPIImpl.swift in Sources */,
				C59D409B28614304009072C9 /* StandardUserDefaultsHelper.swift in Sources */,
				C5CDA75A2886E0EC007C9659 /* APIServiceError.swift in Sources */,
				C5CDA7962886EDCB007C9659 /* AddedCityCoordinator.swift in Sources */,
				C59D407A2860465D009072C9 /* AddedCityViewModel.swift in Sources */,
				C59D4049285F9A51009072C9 /* UIStackView+Extension.swift in Sources */,
				C59D409F286154FD009072C9 /* CityDetailViewController.swift in Sources */,
				C5C969DD285DABF2001DB652 /* TheWeatherAppTests.swift in Sources */,
				C5CDA7092886E03C007C9659 /* ForecastRepositoryProtocol.swift in Sources */,
				C5CDA7AB288729E6007C9659 /* ForecastResponseDTO.swift in Sources */,
				C5CDA77B2886E8CC007C9659 /* Observable.swift in Sources */,
				C5CDA7152886E073007C9659 /* CurrentConditions.swift in Sources */,
				C5CDA77E2886E8CC007C9659 /* Storyboardable.swift in Sources */,
				C5CDA73F2886E0EC007C9659 /* ForecastAPIImpl.swift in Sources */,
				C59D4066285FD27F009072C9 /* BaseViewModelDelegate.swift in Sources */,
			);
			runOnlyForDeploymentPostprocessing = 0;
		};
/* End PBXSourcesBuildPhase section */

/* Begin PBXTargetDependency section */
		C56BBF0428636D50001AACA9 /* PBXTargetDependency */ = {
			isa = PBXTargetDependency;
			target = C5C969BE285DABF0001DB652 /* TheWeatherApp */;
			targetProxy = C56BBF0328636D50001AACA9 /* PBXContainerItemProxy */;
		};
		C5C969DA285DABF2001DB652 /* PBXTargetDependency */ = {
			isa = PBXTargetDependency;
			target = C5C969BE285DABF0001DB652 /* TheWeatherApp */;
			targetProxy = C5C969D9285DABF2001DB652 /* PBXContainerItemProxy */;
		};
/* End PBXTargetDependency section */

/* Begin PBXVariantGroup section */
		C5C969C8285DABF0001DB652 /* Main.storyboard */ = {
			isa = PBXVariantGroup;
			children = (
				C5C969C9285DABF0001DB652 /* Base */,
			);
			name = Main.storyboard;
			sourceTree = "<group>";
		};
		C5C969D0285DABF2001DB652 /* LaunchScreen.storyboard */ = {
			isa = PBXVariantGroup;
			children = (
				C5C969D1285DABF2001DB652 /* Base */,
			);
			name = LaunchScreen.storyboard;
			sourceTree = "<group>";
		};
/* End PBXVariantGroup section */

/* Begin XCBuildConfiguration section */
		C56BBF0628636D50001AACA9 /* Debug */ = {
			isa = XCBuildConfiguration;
			buildSettings = {
				CODE_SIGN_STYLE = Automatic;
				CURRENT_PROJECT_VERSION = 1;
				DEVELOPMENT_TEAM = 4P8RUR5DZS;
				GENERATE_INFOPLIST_FILE = YES;
				IPHONEOS_DEPLOYMENT_TARGET = 15.5;
				MARKETING_VERSION = 1.0;
				PRODUCT_BUNDLE_IDENTIFIER = com.kammy.TheWeatherAppUITests;
				PRODUCT_NAME = "$(TARGET_NAME)";
				SWIFT_EMIT_LOC_STRINGS = NO;
				SWIFT_VERSION = 5.0;
				TARGETED_DEVICE_FAMILY = "1,2";
				TEST_TARGET_NAME = TheWeatherApp;
			};
			name = Debug;
		};
		C56BBF0728636D50001AACA9 /* Release */ = {
			isa = XCBuildConfiguration;
			buildSettings = {
				CODE_SIGN_STYLE = Automatic;
				CURRENT_PROJECT_VERSION = 1;
				DEVELOPMENT_TEAM = 4P8RUR5DZS;
				GENERATE_INFOPLIST_FILE = YES;
				IPHONEOS_DEPLOYMENT_TARGET = 15.5;
				MARKETING_VERSION = 1.0;
				PRODUCT_BUNDLE_IDENTIFIER = com.kammy.TheWeatherAppUITests;
				PRODUCT_NAME = "$(TARGET_NAME)";
				SWIFT_EMIT_LOC_STRINGS = NO;
				SWIFT_VERSION = 5.0;
				TARGETED_DEVICE_FAMILY = "1,2";
				TEST_TARGET_NAME = TheWeatherApp;
			};
			name = Release;
		};
		C5C969EA285DABF2001DB652 /* Debug */ = {
			isa = XCBuildConfiguration;
			buildSettings = {
				ALWAYS_SEARCH_USER_PATHS = NO;
				CLANG_ANALYZER_NONNULL = YES;
				CLANG_ANALYZER_NUMBER_OBJECT_CONVERSION = YES_AGGRESSIVE;
				CLANG_CXX_LANGUAGE_STANDARD = "gnu++17";
				CLANG_ENABLE_MODULES = YES;
				CLANG_ENABLE_OBJC_ARC = YES;
				CLANG_ENABLE_OBJC_WEAK = YES;
				CLANG_WARN_BLOCK_CAPTURE_AUTORELEASING = YES;
				CLANG_WARN_BOOL_CONVERSION = YES;
				CLANG_WARN_COMMA = YES;
				CLANG_WARN_CONSTANT_CONVERSION = YES;
				CLANG_WARN_DEPRECATED_OBJC_IMPLEMENTATIONS = YES;
				CLANG_WARN_DIRECT_OBJC_ISA_USAGE = YES_ERROR;
				CLANG_WARN_DOCUMENTATION_COMMENTS = YES;
				CLANG_WARN_EMPTY_BODY = YES;
				CLANG_WARN_ENUM_CONVERSION = YES;
				CLANG_WARN_INFINITE_RECURSION = YES;
				CLANG_WARN_INT_CONVERSION = YES;
				CLANG_WARN_NON_LITERAL_NULL_CONVERSION = YES;
				CLANG_WARN_OBJC_IMPLICIT_RETAIN_SELF = YES;
				CLANG_WARN_OBJC_LITERAL_CONVERSION = YES;
				CLANG_WARN_OBJC_ROOT_CLASS = YES_ERROR;
				CLANG_WARN_QUOTED_INCLUDE_IN_FRAMEWORK_HEADER = YES;
				CLANG_WARN_RANGE_LOOP_ANALYSIS = YES;
				CLANG_WARN_STRICT_PROTOTYPES = YES;
				CLANG_WARN_SUSPICIOUS_MOVE = YES;
				CLANG_WARN_UNGUARDED_AVAILABILITY = YES_AGGRESSIVE;
				CLANG_WARN_UNREACHABLE_CODE = YES;
				CLANG_WARN__DUPLICATE_METHOD_MATCH = YES;
				COPY_PHASE_STRIP = NO;
				DEBUG_INFORMATION_FORMAT = dwarf;
				ENABLE_STRICT_OBJC_MSGSEND = YES;
				ENABLE_TESTABILITY = YES;
				GCC_C_LANGUAGE_STANDARD = gnu11;
				GCC_DYNAMIC_NO_PIC = NO;
				GCC_NO_COMMON_BLOCKS = YES;
				GCC_OPTIMIZATION_LEVEL = 0;
				GCC_PREPROCESSOR_DEFINITIONS = (
					"DEBUG=1",
					"$(inherited)",
				);
				GCC_WARN_64_TO_32_BIT_CONVERSION = YES;
				GCC_WARN_ABOUT_RETURN_TYPE = YES_ERROR;
				GCC_WARN_UNDECLARED_SELECTOR = YES;
				GCC_WARN_UNINITIALIZED_AUTOS = YES_AGGRESSIVE;
				GCC_WARN_UNUSED_FUNCTION = YES;
				GCC_WARN_UNUSED_VARIABLE = YES;
				IPHONEOS_DEPLOYMENT_TARGET = 13.0;
				MTL_ENABLE_DEBUG_INFO = INCLUDE_SOURCE;
				MTL_FAST_MATH = YES;
				ONLY_ACTIVE_ARCH = YES;
				SDKROOT = iphoneos;
				SWIFT_ACTIVE_COMPILATION_CONDITIONS = DEBUG;
				SWIFT_OPTIMIZATION_LEVEL = "-Onone";
			};
			name = Debug;
		};
		C5C969EB285DABF2001DB652 /* Release */ = {
			isa = XCBuildConfiguration;
			buildSettings = {
				ALWAYS_SEARCH_USER_PATHS = NO;
				CLANG_ANALYZER_NONNULL = YES;
				CLANG_ANALYZER_NUMBER_OBJECT_CONVERSION = YES_AGGRESSIVE;
				CLANG_CXX_LANGUAGE_STANDARD = "gnu++17";
				CLANG_ENABLE_MODULES = YES;
				CLANG_ENABLE_OBJC_ARC = YES;
				CLANG_ENABLE_OBJC_WEAK = YES;
				CLANG_WARN_BLOCK_CAPTURE_AUTORELEASING = YES;
				CLANG_WARN_BOOL_CONVERSION = YES;
				CLANG_WARN_COMMA = YES;
				CLANG_WARN_CONSTANT_CONVERSION = YES;
				CLANG_WARN_DEPRECATED_OBJC_IMPLEMENTATIONS = YES;
				CLANG_WARN_DIRECT_OBJC_ISA_USAGE = YES_ERROR;
				CLANG_WARN_DOCUMENTATION_COMMENTS = YES;
				CLANG_WARN_EMPTY_BODY = YES;
				CLANG_WARN_ENUM_CONVERSION = YES;
				CLANG_WARN_INFINITE_RECURSION = YES;
				CLANG_WARN_INT_CONVERSION = YES;
				CLANG_WARN_NON_LITERAL_NULL_CONVERSION = YES;
				CLANG_WARN_OBJC_IMPLICIT_RETAIN_SELF = YES;
				CLANG_WARN_OBJC_LITERAL_CONVERSION = YES;
				CLANG_WARN_OBJC_ROOT_CLASS = YES_ERROR;
				CLANG_WARN_QUOTED_INCLUDE_IN_FRAMEWORK_HEADER = YES;
				CLANG_WARN_RANGE_LOOP_ANALYSIS = YES;
				CLANG_WARN_STRICT_PROTOTYPES = YES;
				CLANG_WARN_SUSPICIOUS_MOVE = YES;
				CLANG_WARN_UNGUARDED_AVAILABILITY = YES_AGGRESSIVE;
				CLANG_WARN_UNREACHABLE_CODE = YES;
				CLANG_WARN__DUPLICATE_METHOD_MATCH = YES;
				COPY_PHASE_STRIP = NO;
				DEBUG_INFORMATION_FORMAT = "dwarf-with-dsym";
				ENABLE_NS_ASSERTIONS = NO;
				ENABLE_STRICT_OBJC_MSGSEND = YES;
				GCC_C_LANGUAGE_STANDARD = gnu11;
				GCC_NO_COMMON_BLOCKS = YES;
				GCC_WARN_64_TO_32_BIT_CONVERSION = YES;
				GCC_WARN_ABOUT_RETURN_TYPE = YES_ERROR;
				GCC_WARN_UNDECLARED_SELECTOR = YES;
				GCC_WARN_UNINITIALIZED_AUTOS = YES_AGGRESSIVE;
				GCC_WARN_UNUSED_FUNCTION = YES;
				GCC_WARN_UNUSED_VARIABLE = YES;
				IPHONEOS_DEPLOYMENT_TARGET = 13.0;
				MTL_ENABLE_DEBUG_INFO = NO;
				MTL_FAST_MATH = YES;
				SDKROOT = iphoneos;
				SWIFT_COMPILATION_MODE = wholemodule;
				SWIFT_OPTIMIZATION_LEVEL = "-O";
				VALIDATE_PRODUCT = YES;
			};
			name = Release;
		};
		C5C969ED285DABF2001DB652 /* Debug */ = {
			isa = XCBuildConfiguration;
			baseConfigurationReference = C5C969FC285DB1F0001DB652 /* DebugConfig.xcconfig */;
			buildSettings = {
				ASSETCATALOG_COMPILER_APPICON_NAME = AppIcon;
				ASSETCATALOG_COMPILER_GLOBAL_ACCENT_COLOR_NAME = AccentColor;
				CODE_SIGN_STYLE = Automatic;
				CURRENT_PROJECT_VERSION = 1;
				DEVELOPMENT_TEAM = 4P8RUR5DZS;
				GENERATE_INFOPLIST_FILE = YES;
				INFOPLIST_FILE = TheWeatherApp/Info.plist;
				INFOPLIST_KEY_UIApplicationSupportsIndirectInputEvents = YES;
				INFOPLIST_KEY_UILaunchStoryboardName = LaunchScreen;
				INFOPLIST_KEY_UIMainStoryboardFile = Main;
				INFOPLIST_KEY_UISupportedInterfaceOrientations = UIInterfaceOrientationPortrait;
				INFOPLIST_KEY_UISupportedInterfaceOrientations_iPad = "UIInterfaceOrientationPortrait UIInterfaceOrientationPortraitUpsideDown";
				INFOPLIST_KEY_UISupportedInterfaceOrientations_iPhone = UIInterfaceOrientationPortrait;
				LD_RUNPATH_SEARCH_PATHS = (
					"$(inherited)",
					"@executable_path/Frameworks",
				);
				MARKETING_VERSION = 1.0;
				PRODUCT_BUNDLE_IDENTIFIER = com.kammy.TheWeatherApp;
				PRODUCT_NAME = "$(TARGET_NAME)";
				SWIFT_EMIT_LOC_STRINGS = YES;
				SWIFT_VERSION = 5.0;
				TARGETED_DEVICE_FAMILY = "1,2";
			};
			name = Debug;
		};
		C5C969EE285DABF2001DB652 /* Release */ = {
			isa = XCBuildConfiguration;
			baseConfigurationReference = C5C96A00285DB206001DB652 /* ReleaseConfig.xcconfig */;
			buildSettings = {
				ASSETCATALOG_COMPILER_APPICON_NAME = AppIcon;
				ASSETCATALOG_COMPILER_GLOBAL_ACCENT_COLOR_NAME = AccentColor;
				CODE_SIGN_STYLE = Automatic;
				CURRENT_PROJECT_VERSION = 1;
				DEVELOPMENT_TEAM = 4P8RUR5DZS;
				GENERATE_INFOPLIST_FILE = YES;
				INFOPLIST_FILE = TheWeatherApp/Info.plist;
				INFOPLIST_KEY_UIApplicationSupportsIndirectInputEvents = YES;
				INFOPLIST_KEY_UILaunchStoryboardName = LaunchScreen;
				INFOPLIST_KEY_UIMainStoryboardFile = Main;
				INFOPLIST_KEY_UISupportedInterfaceOrientations = UIInterfaceOrientationPortrait;
				INFOPLIST_KEY_UISupportedInterfaceOrientations_iPad = "UIInterfaceOrientationPortrait UIInterfaceOrientationPortraitUpsideDown";
				INFOPLIST_KEY_UISupportedInterfaceOrientations_iPhone = UIInterfaceOrientationPortrait;
				LD_RUNPATH_SEARCH_PATHS = (
					"$(inherited)",
					"@executable_path/Frameworks",
				);
				MARKETING_VERSION = 1.0;
				PRODUCT_BUNDLE_IDENTIFIER = com.kammy.TheWeatherApp;
				PRODUCT_NAME = "$(TARGET_NAME)";
				SWIFT_EMIT_LOC_STRINGS = YES;
				SWIFT_VERSION = 5.0;
				TARGETED_DEVICE_FAMILY = "1,2";
			};
			name = Release;
		};
		C5C969F0285DABF2001DB652 /* Debug */ = {
			isa = XCBuildConfiguration;
			baseConfigurationReference = C5C969FC285DB1F0001DB652 /* DebugConfig.xcconfig */;
			buildSettings = {
				ALWAYS_EMBED_SWIFT_STANDARD_LIBRARIES = YES;
				BUNDLE_LOADER = "$(TEST_HOST)";
				CODE_SIGN_STYLE = Automatic;
				CURRENT_PROJECT_VERSION = 1;
				DEVELOPMENT_TEAM = 4P8RUR5DZS;
				GENERATE_INFOPLIST_FILE = YES;
				IPHONEOS_DEPLOYMENT_TARGET = 15.5;
				MARKETING_VERSION = 1.0;
				PRODUCT_BUNDLE_IDENTIFIER = com.kammy.TheWeatherAppTests;
				PRODUCT_NAME = "$(TARGET_NAME)";
				SWIFT_EMIT_LOC_STRINGS = NO;
				SWIFT_VERSION = 5.0;
				TARGETED_DEVICE_FAMILY = "1,2";
				TEST_HOST = "$(BUILT_PRODUCTS_DIR)/TheWeatherApp.app/TheWeatherApp";
			};
			name = Debug;
		};
		C5C969F1285DABF2001DB652 /* Release */ = {
			isa = XCBuildConfiguration;
			baseConfigurationReference = C5C96A00285DB206001DB652 /* ReleaseConfig.xcconfig */;
			buildSettings = {
				ALWAYS_EMBED_SWIFT_STANDARD_LIBRARIES = YES;
				BUNDLE_LOADER = "$(TEST_HOST)";
				CODE_SIGN_STYLE = Automatic;
				CURRENT_PROJECT_VERSION = 1;
				DEVELOPMENT_TEAM = 4P8RUR5DZS;
				GENERATE_INFOPLIST_FILE = YES;
				IPHONEOS_DEPLOYMENT_TARGET = 15.5;
				MARKETING_VERSION = 1.0;
				PRODUCT_BUNDLE_IDENTIFIER = com.kammy.TheWeatherAppTests;
				PRODUCT_NAME = "$(TARGET_NAME)";
				SWIFT_EMIT_LOC_STRINGS = NO;
				SWIFT_VERSION = 5.0;
				TARGETED_DEVICE_FAMILY = "1,2";
				TEST_HOST = "$(BUILT_PRODUCTS_DIR)/TheWeatherApp.app/TheWeatherApp";
			};
			name = Release;
		};
/* End XCBuildConfiguration section */

/* Begin XCConfigurationList section */
		C56BBF0528636D50001AACA9 /* Build configuration list for PBXNativeTarget "TheWeatherAppUITests" */ = {
			isa = XCConfigurationList;
			buildConfigurations = (
				C56BBF0628636D50001AACA9 /* Debug */,
				C56BBF0728636D50001AACA9 /* Release */,
			);
			defaultConfigurationIsVisible = 0;
			defaultConfigurationName = Release;
		};
		C5C969BA285DABF0001DB652 /* Build configuration list for PBXProject "TheWeatherApp" */ = {
			isa = XCConfigurationList;
			buildConfigurations = (
				C5C969EA285DABF2001DB652 /* Debug */,
				C5C969EB285DABF2001DB652 /* Release */,
			);
			defaultConfigurationIsVisible = 0;
			defaultConfigurationName = Release;
		};
		C5C969EC285DABF2001DB652 /* Build configuration list for PBXNativeTarget "TheWeatherApp" */ = {
			isa = XCConfigurationList;
			buildConfigurations = (
				C5C969ED285DABF2001DB652 /* Debug */,
				C5C969EE285DABF2001DB652 /* Release */,
			);
			defaultConfigurationIsVisible = 0;
			defaultConfigurationName = Release;
		};
		C5C969EF285DABF2001DB652 /* Build configuration list for PBXNativeTarget "TheWeatherAppTests" */ = {
			isa = XCConfigurationList;
			buildConfigurations = (
				C5C969F0285DABF2001DB652 /* Debug */,
				C5C969F1285DABF2001DB652 /* Release */,
			);
			defaultConfigurationIsVisible = 0;
			defaultConfigurationName = Release;
		};
/* End XCConfigurationList section */

/* Begin XCRemoteSwiftPackageReference section */
		C5C969F5285DAE2F001DB652 /* XCRemoteSwiftPackageReference "Alamofire" */ = {
			isa = XCRemoteSwiftPackageReference;
			repositoryURL = "https://github.com/Alamofire/Alamofire.git";
			requirement = {
				kind = upToNextMajorVersion;
				minimumVersion = 5.0.0;
			};
		};
/* End XCRemoteSwiftPackageReference section */

/* Begin XCSwiftPackageProductDependency section */
		C5C969F6285DAE2F001DB652 /* Alamofire */ = {
			isa = XCSwiftPackageProductDependency;
			package = C5C969F5285DAE2F001DB652 /* XCRemoteSwiftPackageReference "Alamofire" */;
			productName = Alamofire;
		};
/* End XCSwiftPackageProductDependency section */

/* Begin XCVersionGroup section */
		C5C969CB285DABF0001DB652 /* TheWeatherApp.xcdatamodeld */ = {
			isa = XCVersionGroup;
			children = (
				C5C969CC285DABF0001DB652 /* TheWeatherApp.xcdatamodel */,
			);
			currentVersion = C5C969CC285DABF0001DB652 /* TheWeatherApp.xcdatamodel */;
			path = TheWeatherApp.xcdatamodeld;
			sourceTree = "<group>";
			versionGroupType = wrapper.xcdatamodel;
		};
/* End XCVersionGroup section */
	};
	rootObject = C5C969B7285DABF0001DB652 /* Project object */;
}
